
Microsoft Visual Studio Solution File, Format Version 12.00
# Visual Studio Version 16
VisualStudioVersion = 16.0.32228.343
MinimumVisualStudioVersion = 10.0.40219.1
Project("{8BC9CEB8-8B4A-11D0-8D11-00A0C91BC942}") = "ALL_BUILD", "ALL_BUILD.vcxproj", "{EDB2D631-7A00-3A29-880F-F2E197F8D556}"
	ProjectSection(ProjectDependencies) = postProject
		{7C3BC9AA-8801-30A7-A3DB-110A814370EE} = {7C3BC9AA-8801-30A7-A3DB-110A814370EE}
		{163D569A-6971-3BE1-8DE2-46B01DEC5652} = {163D569A-6971-3BE1-8DE2-46B01DEC5652}
		{DF5A0AD8-128A-3CFD-9930-0FAA591EB0E7} = {DF5A0AD8-128A-3CFD-9930-0FAA591EB0E7}
		{191AD1FE-E2F5-3143-B788-81B508839F05} = {191AD1FE-E2F5-3143-B788-81B508839F05}
		{CF879134-5BA9-39DA-BAC2-A8067F8E5C41} = {CF879134-5BA9-39DA-BAC2-A8067F8E5C41}
	EndProjectSection
EndProject
Project("{8BC9CEB8-8B4A-11D0-8D11-00A0C91BC942}") = "INSTALL", "INSTALL.vcxproj", "{757B01F8-9BED-3619-8A42-30A2CBEA1E8B}"
	ProjectSection(ProjectDependencies) = postProject
		{EDB2D631-7A00-3A29-880F-F2E197F8D556} = {EDB2D631-7A00-3A29-880F-F2E197F8D556}
		{7C3BC9AA-8801-30A7-A3DB-110A814370EE} = {7C3BC9AA-8801-30A7-A3DB-110A814370EE}
	EndProjectSection
EndProject
Project("{8BC9CEB8-8B4A-11D0-8D11-00A0C91BC942}") = "UpdateAssimpLibsDebugSymbolsAndDLLs", "UpdateAssimpLibsDebugSymbolsAndDLLs.vcxproj", "{DF1FEF33-A96B-35F2-8F7B-509D2CAC044B}"
	ProjectSection(ProjectDependencies) = postProject
		{7C3BC9AA-8801-30A7-A3DB-110A814370EE} = {7C3BC9AA-8801-30A7-A3DB-110A814370EE}
	EndProjectSection
EndProject
Project("{8BC9CEB8-8B4A-11D0-8D11-00A0C91BC942}") = "ZERO_CHECK", "ZERO_CHECK.vcxproj", "{7C3BC9AA-8801-30A7-A3DB-110A814370EE}"
EndProject
Project("{8BC9CEB8-8B4A-11D0-8D11-00A0C91BC942}") = "assimp", "code\assimp.vcxproj", "{163D569A-6971-3BE1-8DE2-46B01DEC5652}"
	ProjectSection(ProjectDependencies) = postProject
		{7C3BC9AA-8801-30A7-A3DB-110A814370EE} = {7C3BC9AA-8801-30A7-A3DB-110A814370EE}
		{CF879134-5BA9-39DA-BAC2-A8067F8E5C41} = {CF879134-5BA9-39DA-BAC2-A8067F8E5C41}
	EndProjectSection
EndProject
Project("{8BC9CEB8-8B4A-11D0-8D11-00A0C91BC942}") = "assimp_cmd", "tools\assimp_cmd\assimp_cmd.vcxproj", "{DF5A0AD8-128A-3CFD-9930-0FAA591EB0E7}"
	ProjectSection(ProjectDependencies) = postProject
		{7C3BC9AA-8801-30A7-A3DB-110A814370EE} = {7C3BC9AA-8801-30A7-A3DB-110A814370EE}
		{163D569A-6971-3BE1-8DE2-46B01DEC5652} = {163D569A-6971-3BE1-8DE2-46B01DEC5652}
		{CF879134-5BA9-39DA-BAC2-A8067F8E5C41} = {CF879134-5BA9-39DA-BAC2-A8067F8E5C41}
	EndProjectSection
EndProject
Project("{8BC9CEB8-8B4A-11D0-8D11-00A0C91BC942}") = "uninstall", "uninstall.vcxproj", "{A7050B78-CB48-3237-A33A-3D9589791261}"
	ProjectSection(ProjectDependencies) = postProject
		{7C3BC9AA-8801-30A7-A3DB-110A814370EE} = {7C3BC9AA-8801-30A7-A3DB-110A814370EE}
	EndProjectSection
EndProject
Project("{8BC9CEB8-8B4A-11D0-8D11-00A0C91BC942}") = "unit", "test\unit.vcxproj", "{191AD1FE-E2F5-3143-B788-81B508839F05}"
	ProjectSection(ProjectDependencies) = postProject
		{7C3BC9AA-8801-30A7-A3DB-110A814370EE} = {7C3BC9AA-8801-30A7-A3DB-110A814370EE}
		{163D569A-6971-3BE1-8DE2-46B01DEC5652} = {163D569A-6971-3BE1-8DE2-46B01DEC5652}
		{CF879134-5BA9-39DA-BAC2-A8067F8E5C41} = {CF879134-5BA9-39DA-BAC2-A8067F8E5C41}
	EndProjectSection
EndProject
Project("{8BC9CEB8-8B4A-11D0-8D11-00A0C91BC942}") = "zlibstatic", "contrib\zlib\zlibstatic.vcxproj", "{CF879134-5BA9-39DA-BAC2-A8067F8E5C41}"
	ProjectSection(ProjectDependencies) = postProject
		{7C3BC9AA-8801-30A7-A3DB-110A814370EE} = {7C3BC9AA-8801-30A7-A3DB-110A814370EE}
	EndProjectSection
EndProject
Global
	GlobalSection(SolutionConfigurationPlatforms) = preSolution
		Debug|Win32 = Debug|Win32
		Debug|x64 = Debug|x64
		Debug|x86 = Debug|x86
		MinSizeRel|Win32 = MinSizeRel|Win32
		MinSizeRel|x64 = MinSizeRel|x64
		MinSizeRel|x86 = MinSizeRel|x86
		Release|Win32 = Release|Win32
		Release|x64 = Release|x64
		Release|x86 = Release|x86
		RelWithDebInfo|Win32 = RelWithDebInfo|Win32
		RelWithDebInfo|x64 = RelWithDebInfo|x64
		RelWithDebInfo|x86 = RelWithDebInfo|x86
	EndGlobalSection
	GlobalSection(ProjectConfigurationPlatforms) = postSolution
		{EDB2D631-7A00-3A29-880F-F2E197F8D556}.Debug|Win32.ActiveCfg = Debug|x64
		{EDB2D631-7A00-3A29-880F-F2E197F8D556}.Debug|Win32.Build.0 = Debug|x64
		{EDB2D631-7A00-3A29-880F-F2E197F8D556}.Debug|x64.ActiveCfg = Debug|x64
		{EDB2D631-7A00-3A29-880F-F2E197F8D556}.Debug|x64.Build.0 = Debug|x64
		{EDB2D631-7A00-3A29-880F-F2E197F8D556}.Debug|x86.ActiveCfg = Debug|x64
		{EDB2D631-7A00-3A29-880F-F2E197F8D556}.MinSizeRel|Win32.ActiveCfg = MinSizeRel|x64
		{EDB2D631-7A00-3A29-880F-F2E197F8D556}.MinSizeRel|x64.ActiveCfg = MinSizeRel|x64
		{EDB2D631-7A00-3A29-880F-F2E197F8D556}.MinSizeRel|x64.Build.0 = MinSizeRel|x64
		{EDB2D631-7A00-3A29-880F-F2E197F8D556}.MinSizeRel|x86.ActiveCfg = MinSizeRel|x64
		{EDB2D631-7A00-3A29-880F-F2E197F8D556}.Release|Win32.ActiveCfg = Release|x64
		{EDB2D631-7A00-3A29-880F-F2E197F8D556}.Release|x64.ActiveCfg = Release|x64
		{EDB2D631-7A00-3A29-880F-F2E197F8D556}.Release|x64.Build.0 = Release|x64
		{EDB2D631-7A00-3A29-880F-F2E197F8D556}.Release|x86.ActiveCfg = Release|x64
		{EDB2D631-7A00-3A29-880F-F2E197F8D556}.RelWithDebInfo|Win32.ActiveCfg = RelWithDebInfo|x64
		{EDB2D631-7A00-3A29-880F-F2E197F8D556}.RelWithDebInfo|x64.ActiveCfg = RelWithDebInfo|x64
		{EDB2D631-7A00-3A29-880F-F2E197F8D556}.RelWithDebInfo|x64.Build.0 = RelWithDebInfo|x64
		{EDB2D631-7A00-3A29-880F-F2E197F8D556}.RelWithDebInfo|x86.ActiveCfg = RelWithDebInfo|x64
		{757B01F8-9BED-3619-8A42-30A2CBEA1E8B}.Debug|Win32.ActiveCfg = Debug|x64
		{757B01F8-9BED-3619-8A42-30A2CBEA1E8B}.Debug|x64.ActiveCfg = Debug|x64
		{757B01F8-9BED-3619-8A42-30A2CBEA1E8B}.Debug|x86.ActiveCfg = Debug|x64
		{757B01F8-9BED-3619-8A42-30A2CBEA1E8B}.MinSizeRel|Win32.ActiveCfg = MinSizeRel|x64
		{757B01F8-9BED-3619-8A42-30A2CBEA1E8B}.MinSizeRel|x64.ActiveCfg = MinSizeRel|x64
		{757B01F8-9BED-3619-8A42-30A2CBEA1E8B}.MinSizeRel|x86.ActiveCfg = MinSizeRel|x64
		{757B01F8-9BED-3619-8A42-30A2CBEA1E8B}.Release|Win32.ActiveCfg = Release|x64
		{757B01F8-9BED-3619-8A42-30A2CBEA1E8B}.Release|x64.ActiveCfg = Release|x64
		{757B01F8-9BED-3619-8A42-30A2CBEA1E8B}.Release|x86.ActiveCfg = Release|x64
		{757B01F8-9BED-3619-8A42-30A2CBEA1E8B}.RelWithDebInfo|Win32.ActiveCfg = RelWithDebInfo|x64
		{757B01F8-9BED-3619-8A42-30A2CBEA1E8B}.RelWithDebInfo|x64.ActiveCfg = RelWithDebInfo|x64
		{757B01F8-9BED-3619-8A42-30A2CBEA1E8B}.RelWithDebInfo|x86.ActiveCfg = RelWithDebInfo|x64
		{DF1FEF33-A96B-35F2-8F7B-509D2CAC044B}.Debug|Win32.ActiveCfg = Debug|x64
		{DF1FEF33-A96B-35F2-8F7B-509D2CAC044B}.Debug|x64.ActiveCfg = Debug|x64
		{DF1FEF33-A96B-35F2-8F7B-509D2CAC044B}.Debug|x86.ActiveCfg = Debug|x64
		{DF1FEF33-A96B-35F2-8F7B-509D2CAC044B}.MinSizeRel|Win32.ActiveCfg = MinSizeRel|x64
		{DF1FEF33-A96B-35F2-8F7B-509D2CAC044B}.MinSizeRel|x64.ActiveCfg = MinSizeRel|x64
		{DF1FEF33-A96B-35F2-8F7B-509D2CAC044B}.MinSizeRel|x86.ActiveCfg = MinSizeRel|x64
		{DF1FEF33-A96B-35F2-8F7B-509D2CAC044B}.Release|Win32.ActiveCfg = Release|x64
		{DF1FEF33-A96B-35F2-8F7B-509D2CAC044B}.Release|x64.ActiveCfg = Release|x64
		{DF1FEF33-A96B-35F2-8F7B-509D2CAC044B}.Release|x86.ActiveCfg = Release|x64
		{DF1FEF33-A96B-35F2-8F7B-509D2CAC044B}.RelWithDebInfo|Win32.ActiveCfg = RelWithDebInfo|x64
		{DF1FEF33-A96B-35F2-8F7B-509D2CAC044B}.RelWithDebInfo|x64.ActiveCfg = RelWithDebInfo|x64
		{DF1FEF33-A96B-35F2-8F7B-509D2CAC044B}.RelWithDebInfo|x86.ActiveCfg = RelWithDebInfo|x64
		{7C3BC9AA-8801-30A7-A3DB-110A814370EE}.Debug|Win32.ActiveCfg = Debug|x64
		{7C3BC9AA-8801-30A7-A3DB-110A814370EE}.Debug|x64.ActiveCfg = Debug|x64
		{7C3BC9AA-8801-30A7-A3DB-110A814370EE}.Debug|x64.Build.0 = Debug|x64
		{7C3BC9AA-8801-30A7-A3DB-110A814370EE}.Debug|x86.ActiveCfg = Debug|x64
		{7C3BC9AA-8801-30A7-A3DB-110A814370EE}.MinSizeRel|Win32.ActiveCfg = MinSizeRel|x64
		{7C3BC9AA-8801-30A7-A3DB-110A814370EE}.MinSizeRel|x64.ActiveCfg = MinSizeRel|x64
		{7C3BC9AA-8801-30A7-A3DB-110A814370EE}.MinSizeRel|x64.Build.0 = MinSizeRel|x64
		{7C3BC9AA-8801-30A7-A3DB-110A814370EE}.MinSizeRel|x86.ActiveCfg = MinSizeRel|x64
		{7C3BC9AA-8801-30A7-A3DB-110A814370EE}.Release|Win32.ActiveCfg = Release|x64
		{7C3BC9AA-8801-30A7-A3DB-110A814370EE}.Release|x64.ActiveCfg = Release|x64
		{7C3BC9AA-8801-30A7-A3DB-110A814370EE}.Release|x64.Build.0 = Release|x64
		{7C3BC9AA-8801-30A7-A3DB-110A814370EE}.Release|x86.ActiveCfg = Release|x64
		{7C3BC9AA-8801-30A7-A3DB-110A814370EE}.RelWithDebInfo|Win32.ActiveCfg = RelWithDebInfo|x64
		{7C3BC9AA-8801-30A7-A3DB-110A814370EE}.RelWithDebInfo|x64.ActiveCfg = RelWithDebInfo|x64
		{7C3BC9AA-8801-30A7-A3DB-110A814370EE}.RelWithDebInfo|x64.Build.0 = RelWithDebInfo|x64
		{7C3BC9AA-8801-30A7-A3DB-110A814370EE}.RelWithDebInfo|x86.ActiveCfg = RelWithDebInfo|x64
		{163D569A-6971-3BE1-8DE2-46B01DEC5652}.Debug|Win32.ActiveCfg = Debug|x64
		{163D569A-6971-3BE1-8DE2-46B01DEC5652}.Debug|x64.ActiveCfg = Debug|x64
		{163D569A-6971-3BE1-8DE2-46B01DEC5652}.Debug|x64.Build.0 = Debug|x64
		{163D569A-6971-3BE1-8DE2-46B01DEC5652}.Debug|x86.ActiveCfg = Debug|x64
		{163D569A-6971-3BE1-8DE2-46B01DEC5652}.MinSizeRel|Win32.ActiveCfg = MinSizeRel|x64
		{163D569A-6971-3BE1-8DE2-46B01DEC5652}.MinSizeRel|x64.ActiveCfg = MinSizeRel|x64
		{163D569A-6971-3BE1-8DE2-46B01DEC5652}.MinSizeRel|x64.Build.0 = MinSizeRel|x64
		{163D569A-6971-3BE1-8DE2-46B01DEC5652}.MinSizeRel|x86.ActiveCfg = MinSizeRel|x64
		{163D569A-6971-3BE1-8DE2-46B01DEC5652}.Release|Win32.ActiveCfg = Release|x64
		{163D569A-6971-3BE1-8DE2-46B01DEC5652}.Release|x64.ActiveCfg = Release|x64
		{163D569A-6971-3BE1-8DE2-46B01DEC5652}.Release|x64.Build.0 = Release|x64
		{163D569A-6971-3BE1-8DE2-46B01DEC5652}.Release|x86.ActiveCfg = Release|x64
		{163D569A-6971-3BE1-8DE2-46B01DEC5652}.RelWithDebInfo|Win32.ActiveCfg = RelWithDebInfo|x64
		{163D569A-6971-3BE1-8DE2-46B01DEC5652}.RelWithDebInfo|x64.ActiveCfg = RelWithDebInfo|x64
		{163D569A-6971-3BE1-8DE2-46B01DEC5652}.RelWithDebInfo|x64.Build.0 = RelWithDebInfo|x64
		{163D569A-6971-3BE1-8DE2-46B01DEC5652}.RelWithDebInfo|x86.ActiveCfg = RelWithDebInfo|x64
		{DF5A0AD8-128A-3CFD-9930-0FAA591EB0E7}.Debug|Win32.ActiveCfg = Debug|x64
		{DF5A0AD8-128A-3CFD-9930-0FAA591EB0E7}.Debug|x64.ActiveCfg = Debug|x64
		{DF5A0AD8-128A-3CFD-9930-0FAA591EB0E7}.Debug|x64.Build.0 = Debug|x64
		{DF5A0AD8-128A-3CFD-9930-0FAA591EB0E7}.Debug|x86.ActiveCfg = Debug|x64
		{DF5A0AD8-128A-3CFD-9930-0FAA591EB0E7}.MinSizeRel|Win32.ActiveCfg = MinSizeRel|x64
		{DF5A0AD8-128A-3CFD-9930-0FAA591EB0E7}.MinSizeRel|x64.ActiveCfg = MinSizeRel|x64
		{DF5A0AD8-128A-3CFD-9930-0FAA591EB0E7}.MinSizeRel|x64.Build.0 = MinSizeRel|x64
		{DF5A0AD8-128A-3CFD-9930-0FAA591EB0E7}.MinSizeRel|x86.ActiveCfg = MinSizeRel|x64
		{DF5A0AD8-128A-3CFD-9930-0FAA591EB0E7}.Release|Win32.ActiveCfg = Release|x64
		{DF5A0AD8-128A-3CFD-9930-0FAA591EB0E7}.Release|x64.ActiveCfg = Release|x64
		{DF5A0AD8-128A-3CFD-9930-0FAA591EB0E7}.Release|x64.Build.0 = Release|x64
		{DF5A0AD8-128A-3CFD-9930-0FAA591EB0E7}.Release|x86.ActiveCfg = Release|x64
		{DF5A0AD8-128A-3CFD-9930-0FAA591EB0E7}.RelWithDebInfo|Win32.ActiveCfg = RelWithDebInfo|x64
		{DF5A0AD8-128A-3CFD-9930-0FAA591EB0E7}.RelWithDebInfo|x64.ActiveCfg = RelWithDebInfo|x64
		{DF5A0AD8-128A-3CFD-9930-0FAA591EB0E7}.RelWithDebInfo|x64.Build.0 = RelWithDebInfo|x64
		{DF5A0AD8-128A-3CFD-9930-0FAA591EB0E7}.RelWithDebInfo|x86.ActiveCfg = RelWithDebInfo|x64
		{A7050B78-CB48-3237-A33A-3D9589791261}.Debug|Win32.ActiveCfg = Debug|x64
		{A7050B78-CB48-3237-A33A-3D9589791261}.Debug|x64.ActiveCfg = Debug|x64
		{A7050B78-CB48-3237-A33A-3D9589791261}.Debug|x86.ActiveCfg = Debug|x64
		{A7050B78-CB48-3237-A33A-3D9589791261}.MinSizeRel|Win32.ActiveCfg = MinSizeRel|x64
		{A7050B78-CB48-3237-A33A-3D9589791261}.MinSizeRel|x64.ActiveCfg = MinSizeRel|x64
		{A7050B78-CB48-3237-A33A-3D9589791261}.MinSizeRel|x86.ActiveCfg = MinSizeRel|x64
		{A7050B78-CB48-3237-A33A-3D9589791261}.Release|Win32.ActiveCfg = Release|x64
		{A7050B78-CB48-3237-A33A-3D9589791261}.Release|x64.ActiveCfg = Release|x64
		{A7050B78-CB48-3237-A33A-3D9589791261}.Release|x86.ActiveCfg = Release|x64
		{A7050B78-CB48-3237-A33A-3D9589791261}.RelWithDebInfo|Win32.ActiveCfg = RelWithDebInfo|x64
		{A7050B78-CB48-3237-A33A-3D9589791261}.RelWithDebInfo|x64.ActiveCfg = RelWithDebInfo|x64
		{A7050B78-CB48-3237-A33A-3D9589791261}.RelWithDebInfo|x86.ActiveCfg = RelWithDebInfo|x64
		{191AD1FE-E2F5-3143-B788-81B508839F05}.Debug|Win32.ActiveCfg = Debug|x64
		{191AD1FE-E2F5-3143-B788-81B508839F05}.Debug|x64.ActiveCfg = Debug|x64
		{191AD1FE-E2F5-3143-B788-81B508839F05}.Debug|x64.Build.0 = Debug|x64
		{191AD1FE-E2F5-3143-B788-81B508839F05}.Debug|x86.ActiveCfg = Debug|x64
		{191AD1FE-E2F5-3143-B788-81B508839F05}.MinSizeRel|Win32.ActiveCfg = MinSizeRel|x64
		{191AD1FE-E2F5-3143-B788-81B508839F05}.MinSizeRel|x64.ActiveCfg = MinSizeRel|x64
		{191AD1FE-E2F5-3143-B788-81B508839F05}.MinSizeRel|x64.Build.0 = MinSizeRel|x64
		{191AD1FE-E2F5-3143-B788-81B508839F05}.MinSizeRel|x86.ActiveCfg = MinSizeRel|x64
		{191AD1FE-E2F5-3143-B788-81B508839F05}.Release|Win32.ActiveCfg = Release|x64
		{191AD1FE-E2F5-3143-B788-81B508839F05}.Release|x64.ActiveCfg = Release|x64
		{191AD1FE-E2F5-3143-B788-81B508839F05}.Release|x64.Build.0 = Release|x64
		{191AD1FE-E2F5-3143-B788-81B508839F05}.Release|x86.ActiveCfg = Release|x64
		{191AD1FE-E2F5-3143-B788-81B508839F05}.RelWithDebInfo|Win32.ActiveCfg = RelWithDebInfo|x64
		{191AD1FE-E2F5-3143-B788-81B508839F05}.RelWithDebInfo|x64.ActiveCfg = RelWithDebInfo|x64
		{191AD1FE-E2F5-3143-B788-81B508839F05}.RelWithDebInfo|x64.Build.0 = RelWithDebInfo|x64
		{191AD1FE-E2F5-3143-B788-81B508839F05}.RelWithDebInfo|x86.ActiveCfg = RelWithDebInfo|x64
		{CF879134-5BA9-39DA-BAC2-A8067F8E5C41}.Debug|Win32.ActiveCfg = Debug|x64
		{CF879134-5BA9-39DA-BAC2-A8067F8E5C41}.Debug|x64.ActiveCfg = Debug|x64
		{CF879134-5BA9-39DA-BAC2-A8067F8E5C41}.Debug|x64.Build.0 = Debug|x64
		{CF879134-5BA9-39DA-BAC2-A8067F8E5C41}.Debug|x86.ActiveCfg = Debug|x64
		{CF879134-5BA9-39DA-BAC2-A8067F8E5C41}.MinSizeRel|Win32.ActiveCfg = MinSizeRel|x64
		{CF879134-5BA9-39DA-BAC2-A8067F8E5C41}.MinSizeRel|x64.ActiveCfg = MinSizeRel|x64
		{CF879134-5BA9-39DA-BAC2-A8067F8E5C41}.MinSizeRel|x64.Build.0 = MinSizeRel|x64
		{CF879134-5BA9-39DA-BAC2-A8067F8E5C41}.MinSizeRel|x86.ActiveCfg = MinSizeRel|x64
		{CF879134-5BA9-39DA-BAC2-A8067F8E5C41}.Release|Win32.ActiveCfg = Release|x64
		{CF879134-5BA9-39DA-BAC2-A8067F8E5C41}.Release|x64.ActiveCfg = Release|x64
		{CF879134-5BA9-39DA-BAC2-A8067F8E5C41}.Release|x64.Build.0 = Release|x64
		{CF879134-5BA9-39DA-BAC2-A8067F8E5C41}.Release|x86.ActiveCfg = Release|x64
		{CF879134-5BA9-39DA-BAC2-A8067F8E5C41}.RelWithDebInfo|Win32.ActiveCfg = RelWithDebInfo|x64
		{CF879134-5BA9-39DA-BAC2-A8067F8E5C41}.RelWithDebInfo|x64.ActiveCfg = RelWithDebInfo|x64
		{CF879134-5BA9-39DA-BAC2-A8067F8E5C41}.RelWithDebInfo|x64.Build.0 = RelWithDebInfo|x64
		{CF879134-5BA9-39DA-BAC2-A8067F8E5C41}.RelWithDebInfo|x86.ActiveCfg = RelWithDebInfo|x64
	EndGlobalSection
	GlobalSection(SolutionProperties) = preSolution
		HideSolutionNode = FALSE
	EndGlobalSection
	GlobalSection(ExtensibilityGlobals) = postSolution
		SolutionGuid = {0870FAB5-F69D-3939-83DC-295BA5400488}
	EndGlobalSection
EndGlobal
