<?xml version="1.0" encoding="utf-8"?>
<Project ToolsVersion="16.0" xmlns="http://schemas.microsoft.com/developer/msbuild/2003">
  <ItemGroup>
    <ClCompile Include="C:\Users\Jonathan  M.B\Desktop\assimp\code\Common\Assimp.cpp">
      <Filter>Source Files</Filter>
    </ClCompile>
    <ClCompile Include="C:\Users\Jonathan  M.B\Desktop\assimp\code\CApi\CInterfaceIOWrapper.cpp">
      <Filter>CApi</Filter>
    </ClCompile>
    <ClCompile Include="C:\Users\Jonathan  M.B\Desktop\assimp\code\Common\Compression.cpp">
      <Filter>Common</Filter>
    </ClCompile>
    <ClCompile Include="C:\Users\Jonathan  M.B\Desktop\assimp\code\Common\BaseImporter.cpp">
      <Filter>Common</Filter>
    </ClCompile>
    <ClCompile Include="C:\Users\Jonathan  M.B\Desktop\assimp\code\Common\BaseProcess.cpp">
      <Filter>Common</Filter>
    </ClCompile>
    <ClCompile Include="C:\Users\Jonathan  M.B\Desktop\assimp\code\Common\PostStepRegistry.cpp">
      <Filter>Common</Filter>
    </ClCompile>
    <ClCompile Include="C:\Users\Jonathan  M.B\Desktop\assimp\code\Common\ImporterRegistry.cpp">
      <Filter>Common</Filter>
    </ClCompile>
    <ClCompile Include="C:\Users\Jonathan  M.B\Desktop\assimp\code\Common\DefaultIOStream.cpp">
      <Filter>Common</Filter>
    </ClCompile>
    <ClCompile Include="C:\Users\Jonathan  M.B\Desktop\assimp\code\Common\IOSystem.cpp">
      <Filter>Common</Filter>
    </ClCompile>
    <ClCompile Include="C:\Users\Jonathan  M.B\Desktop\assimp\code\Common\DefaultIOSystem.cpp">
      <Filter>Common</Filter>
    </ClCompile>
    <ClCompile Include="C:\Users\Jonathan  M.B\Desktop\assimp\code\Common\ZipArchiveIOSystem.cpp">
      <Filter>Common</Filter>
    </ClCompile>
    <ClCompile Include="C:\Users\Jonathan  M.B\Desktop\assimp\code\Common\Importer.cpp">
      <Filter>Common</Filter>
    </ClCompile>
    <ClCompile Include="C:\Users\Jonathan  M.B\Desktop\assimp\code\Common\SGSpatialSort.cpp">
      <Filter>Common</Filter>
    </ClCompile>
    <ClCompile Include="C:\Users\Jonathan  M.B\Desktop\assimp\code\Common\VertexTriangleAdjacency.cpp">
      <Filter>Common</Filter>
    </ClCompile>
    <ClCompile Include="C:\Users\Jonathan  M.B\Desktop\assimp\code\Common\SpatialSort.cpp">
      <Filter>Common</Filter>
    </ClCompile>
    <ClCompile Include="C:\Users\Jonathan  M.B\Desktop\assimp\code\Common\SceneCombiner.cpp">
      <Filter>Common</Filter>
    </ClCompile>
    <ClCompile Include="C:\Users\Jonathan  M.B\Desktop\assimp\code\Common\ScenePreprocessor.cpp">
      <Filter>Common</Filter>
    </ClCompile>
    <ClCompile Include="C:\Users\Jonathan  M.B\Desktop\assimp\code\Common\SkeletonMeshBuilder.cpp">
      <Filter>Common</Filter>
    </ClCompile>
    <ClCompile Include="C:\Users\Jonathan  M.B\Desktop\assimp\code\Common\StandardShapes.cpp">
      <Filter>Common</Filter>
    </ClCompile>
    <ClCompile Include="C:\Users\Jonathan  M.B\Desktop\assimp\code\Common\TargetAnimation.cpp">
      <Filter>Common</Filter>
    </ClCompile>
    <ClCompile Include="C:\Users\Jonathan  M.B\Desktop\assimp\code\Common\RemoveComments.cpp">
      <Filter>Common</Filter>
    </ClCompile>
    <ClCompile Include="C:\Users\Jonathan  M.B\Desktop\assimp\code\Common\Subdivision.cpp">
      <Filter>Common</Filter>
    </ClCompile>
    <ClCompile Include="C:\Users\Jonathan  M.B\Desktop\assimp\code\Common\scene.cpp">
      <Filter>Common</Filter>
    </ClCompile>
    <ClCompile Include="C:\Users\Jonathan  M.B\Desktop\assimp\code\Common\Bitmap.cpp">
      <Filter>Common</Filter>
    </ClCompile>
    <ClCompile Include="C:\Users\Jonathan  M.B\Desktop\assimp\code\Common\Version.cpp">
      <Filter>Common</Filter>
    </ClCompile>
    <ClCompile Include="C:\Users\Jonathan  M.B\Desktop\assimp\code\Common\CreateAnimMesh.cpp">
      <Filter>Common</Filter>
    </ClCompile>
    <ClCompile Include="C:\Users\Jonathan  M.B\Desktop\assimp\code\Common\simd.cpp">
      <Filter>Common</Filter>
    </ClCompile>
    <ClCompile Include="C:\Users\Jonathan  M.B\Desktop\assimp\code\Common\material.cpp">
      <Filter>Common</Filter>
    </ClCompile>
    <ClCompile Include="C:\Users\Jonathan  M.B\Desktop\assimp\code\Common\AssertHandler.cpp">
      <Filter>Common</Filter>
    </ClCompile>
    <ClCompile Include="C:\Users\Jonathan  M.B\Desktop\assimp\code\Common\Exceptional.cpp">
      <Filter>Common</Filter>
    </ClCompile>
    <ClCompile Include="C:\Users\Jonathan  M.B\Desktop\assimp\code\Common\Base64.cpp">
      <Filter>Common</Filter>
    </ClCompile>
    <ClCompile Include="C:\Users\Jonathan  M.B\Desktop\assimp\code\Common\DefaultLogger.cpp">
      <Filter>Logging</Filter>
    </ClCompile>
    <ClCompile Include="C:\Users\Jonathan  M.B\Desktop\assimp\code\Common\Exporter.cpp">
      <Filter>Exporter</Filter>
    </ClCompile>
    <ClCompile Include="C:\Users\Jonathan  M.B\Desktop\assimp\code\CApi\AssimpCExport.cpp">
      <Filter>Exporter</Filter>
    </ClCompile>
    <ClCompile Include="C:\Users\Jonathan  M.B\Desktop\assimp\code\PostProcessing\CalcTangentsProcess.cpp">
      <Filter>PostProcessing</Filter>
    </ClCompile>
    <ClCompile Include="C:\Users\Jonathan  M.B\Desktop\assimp\code\PostProcessing\ComputeUVMappingProcess.cpp">
      <Filter>PostProcessing</Filter>
    </ClCompile>
    <ClCompile Include="C:\Users\Jonathan  M.B\Desktop\assimp\code\PostProcessing\ConvertToLHProcess.cpp">
      <Filter>PostProcessing</Filter>
    </ClCompile>
    <ClCompile Include="C:\Users\Jonathan  M.B\Desktop\assimp\code\PostProcessing\EmbedTexturesProcess.cpp">
      <Filter>PostProcessing</Filter>
    </ClCompile>
    <ClCompile Include="C:\Users\Jonathan  M.B\Desktop\assimp\code\PostProcessing\FindDegenerates.cpp">
      <Filter>PostProcessing</Filter>
    </ClCompile>
    <ClCompile Include="C:\Users\Jonathan  M.B\Desktop\assimp\code\PostProcessing\FindInstancesProcess.cpp">
      <Filter>PostProcessing</Filter>
    </ClCompile>
    <ClCompile Include="C:\Users\Jonathan  M.B\Desktop\assimp\code\PostProcessing\FindInvalidDataProcess.cpp">
      <Filter>PostProcessing</Filter>
    </ClCompile>
    <ClCompile Include="C:\Users\Jonathan  M.B\Desktop\assimp\code\PostProcessing\FixNormalsStep.cpp">
      <Filter>PostProcessing</Filter>
    </ClCompile>
    <ClCompile Include="C:\Users\Jonathan  M.B\Desktop\assimp\code\PostProcessing\DropFaceNormalsProcess.cpp">
      <Filter>PostProcessing</Filter>
    </ClCompile>
    <ClCompile Include="C:\Users\Jonathan  M.B\Desktop\assimp\code\PostProcessing\GenFaceNormalsProcess.cpp">
      <Filter>PostProcessing</Filter>
    </ClCompile>
    <ClCompile Include="C:\Users\Jonathan  M.B\Desktop\assimp\code\PostProcessing\GenVertexNormalsProcess.cpp">
      <Filter>PostProcessing</Filter>
    </ClCompile>
    <ClCompile Include="C:\Users\Jonathan  M.B\Desktop\assimp\code\PostProcessing\PretransformVertices.cpp">
      <Filter>PostProcessing</Filter>
    </ClCompile>
    <ClCompile Include="C:\Users\Jonathan  M.B\Desktop\assimp\code\PostProcessing\ImproveCacheLocality.cpp">
      <Filter>PostProcessing</Filter>
    </ClCompile>
    <ClCompile Include="C:\Users\Jonathan  M.B\Desktop\assimp\code\PostProcessing\JoinVerticesProcess.cpp">
      <Filter>PostProcessing</Filter>
    </ClCompile>
    <ClCompile Include="C:\Users\Jonathan  M.B\Desktop\assimp\code\PostProcessing\LimitBoneWeightsProcess.cpp">
      <Filter>PostProcessing</Filter>
    </ClCompile>
    <ClCompile Include="C:\Users\Jonathan  M.B\Desktop\assimp\code\PostProcessing\RemoveRedundantMaterials.cpp">
      <Filter>PostProcessing</Filter>
    </ClCompile>
    <ClCompile Include="C:\Users\Jonathan  M.B\Desktop\assimp\code\PostProcessing\RemoveVCProcess.cpp">
      <Filter>PostProcessing</Filter>
    </ClCompile>
    <ClCompile Include="C:\Users\Jonathan  M.B\Desktop\assimp\code\PostProcessing\SortByPTypeProcess.cpp">
      <Filter>PostProcessing</Filter>
    </ClCompile>
    <ClCompile Include="C:\Users\Jonathan  M.B\Desktop\assimp\code\PostProcessing\SplitLargeMeshes.cpp">
      <Filter>PostProcessing</Filter>
    </ClCompile>
    <ClCompile Include="C:\Users\Jonathan  M.B\Desktop\assimp\code\PostProcessing\TextureTransform.cpp">
      <Filter>PostProcessing</Filter>
    </ClCompile>
    <ClCompile Include="C:\Users\Jonathan  M.B\Desktop\assimp\code\PostProcessing\TriangulateProcess.cpp">
      <Filter>PostProcessing</Filter>
    </ClCompile>
    <ClCompile Include="C:\Users\Jonathan  M.B\Desktop\assimp\code\PostProcessing\ValidateDataStructure.cpp">
      <Filter>PostProcessing</Filter>
    </ClCompile>
    <ClCompile Include="C:\Users\Jonathan  M.B\Desktop\assimp\code\PostProcessing\OptimizeGraph.cpp">
      <Filter>PostProcessing</Filter>
    </ClCompile>
    <ClCompile Include="C:\Users\Jonathan  M.B\Desktop\assimp\code\PostProcessing\OptimizeMeshes.cpp">
      <Filter>PostProcessing</Filter>
    </ClCompile>
    <ClCompile Include="C:\Users\Jonathan  M.B\Desktop\assimp\code\PostProcessing\DeboneProcess.cpp">
      <Filter>PostProcessing</Filter>
    </ClCompile>
    <ClCompile Include="C:\Users\Jonathan  M.B\Desktop\assimp\code\PostProcessing\ProcessHelper.cpp">
      <Filter>PostProcessing</Filter>
    </ClCompile>
    <ClCompile Include="C:\Users\Jonathan  M.B\Desktop\assimp\code\PostProcessing\MakeVerboseFormat.cpp">
      <Filter>PostProcessing</Filter>
    </ClCompile>
    <ClCompile Include="C:\Users\Jonathan  M.B\Desktop\assimp\code\PostProcessing\ScaleProcess.cpp">
      <Filter>PostProcessing</Filter>
    </ClCompile>
    <ClCompile Include="C:\Users\Jonathan  M.B\Desktop\assimp\code\PostProcessing\ArmaturePopulate.cpp">
      <Filter>PostProcessing</Filter>
    </ClCompile>
    <ClCompile Include="C:\Users\Jonathan  M.B\Desktop\assimp\code\PostProcessing\GenBoundingBoxesProcess.cpp">
      <Filter>PostProcessing</Filter>
    </ClCompile>
    <ClCompile Include="C:\Users\Jonathan  M.B\Desktop\assimp\code\PostProcessing\SplitByBoneCountProcess.cpp">
      <Filter>PostProcessing</Filter>
    </ClCompile>
    <ClCompile Include="C:\Users\Jonathan  M.B\Desktop\assimp\code\Material\MaterialSystem.cpp">
      <Filter>MaterialSystem</Filter>
    </ClCompile>
    <ClCompile Include="C:\Users\Jonathan  M.B\Desktop\assimp\code\AssetLib\STEPParser\STEPFileReader.cpp">
      <Filter>STEPParser</Filter>
    </ClCompile>
    <ClCompile Include="C:\Users\Jonathan  M.B\Desktop\assimp\code\AssetLib\STEPParser\STEPFileEncoding.cpp">
      <Filter>STEPParser</Filter>
    </ClCompile>
    <ClCompile Include="C:\Users\Jonathan  M.B\Desktop\assimp\code\AssetLib\AMF\AMFImporter.cpp">
      <Filter>AssetLib\AMF</Filter>
    </ClCompile>
    <ClCompile Include="C:\Users\Jonathan  M.B\Desktop\assimp\code\AssetLib\AMF\AMFImporter_Geometry.cpp">
      <Filter>AssetLib\AMF</Filter>
    </ClCompile>
    <ClCompile Include="C:\Users\Jonathan  M.B\Desktop\assimp\code\AssetLib\AMF\AMFImporter_Material.cpp">
      <Filter>AssetLib\AMF</Filter>
    </ClCompile>
    <ClCompile Include="C:\Users\Jonathan  M.B\Desktop\assimp\code\AssetLib\AMF\AMFImporter_Postprocess.cpp">
      <Filter>AssetLib\AMF</Filter>
    </ClCompile>
    <ClCompile Include="C:\Users\Jonathan  M.B\Desktop\assimp\code\AssetLib\3DS\3DSConverter.cpp">
      <Filter>AssetLib\3DS</Filter>
    </ClCompile>
    <ClCompile Include="C:\Users\Jonathan  M.B\Desktop\assimp\code\AssetLib\3DS\3DSLoader.cpp">
      <Filter>AssetLib\3DS</Filter>
    </ClCompile>
    <ClCompile Include="C:\Users\Jonathan  M.B\Desktop\assimp\code\AssetLib\AC\ACLoader.cpp">
      <Filter>AssetLib\AC</Filter>
    </ClCompile>
    <ClCompile Include="C:\Users\Jonathan  M.B\Desktop\assimp\code\AssetLib\ASE\ASELoader.cpp">
      <Filter>AssetLib\ASE</Filter>
    </ClCompile>
    <ClCompile Include="C:\Users\Jonathan  M.B\Desktop\assimp\code\AssetLib\ASE\ASEParser.cpp">
      <Filter>AssetLib\ASE</Filter>
    </ClCompile>
    <ClCompile Include="C:\Users\Jonathan  M.B\Desktop\assimp\code\AssetLib\Assbin\AssbinLoader.cpp">
      <Filter>AssetLib\ASSBIN</Filter>
    </ClCompile>
    <ClCompile Include="C:\Users\Jonathan  M.B\Desktop\assimp\code\AssetLib\B3D\B3DImporter.cpp">
      <Filter>AssetLib\B3D</Filter>
    </ClCompile>
    <ClCompile Include="C:\Users\Jonathan  M.B\Desktop\assimp\code\AssetLib\BVH\BVHLoader.cpp">
      <Filter>AssetLib\BVH</Filter>
    </ClCompile>
    <ClCompile Include="C:\Users\Jonathan  M.B\Desktop\assimp\code\AssetLib\Collada\ColladaHelper.cpp">
      <Filter>AssetLib\COLLADA</Filter>
    </ClCompile>
    <ClCompile Include="C:\Users\Jonathan  M.B\Desktop\assimp\code\AssetLib\Collada\ColladaLoader.cpp">
      <Filter>AssetLib\COLLADA</Filter>
    </ClCompile>
    <ClCompile Include="C:\Users\Jonathan  M.B\Desktop\assimp\code\AssetLib\Collada\ColladaParser.cpp">
      <Filter>AssetLib\COLLADA</Filter>
    </ClCompile>
    <ClCompile Include="C:\Users\Jonathan  M.B\Desktop\assimp\code\AssetLib\DXF\DXFLoader.cpp">
      <Filter>AssetLib\DXF</Filter>
    </ClCompile>
    <ClCompile Include="C:\Users\Jonathan  M.B\Desktop\assimp\code\AssetLib\CSM\CSMLoader.cpp">
      <Filter>AssetLib\CSM</Filter>
    </ClCompile>
    <ClCompile Include="C:\Users\Jonathan  M.B\Desktop\assimp\code\AssetLib\HMP\HMPLoader.cpp">
      <Filter>AssetLib\HMP</Filter>
    </ClCompile>
    <ClCompile Include="C:\Users\Jonathan  M.B\Desktop\assimp\code\AssetLib\Irr\IRRMeshLoader.cpp">
      <Filter>AssetLib\IRRMESH</Filter>
    </ClCompile>
    <ClCompile Include="C:\Users\Jonathan  M.B\Desktop\assimp\code\AssetLib\Irr\IRRShared.cpp">
      <Filter>AssetLib\IRRMESH</Filter>
    </ClCompile>
    <ClCompile Include="C:\Users\Jonathan  M.B\Desktop\assimp\code\AssetLib\IQM\IQMImporter.cpp">
      <Filter>AssetLib\IQM</Filter>
    </ClCompile>
    <ClCompile Include="C:\Users\Jonathan  M.B\Desktop\assimp\code\AssetLib\Irr\IRRLoader.cpp">
      <Filter>AssetLib\IRR</Filter>
    </ClCompile>
    <ClCompile Include="C:\Users\Jonathan  M.B\Desktop\assimp\code\AssetLib\LWO\LWOAnimation.cpp">
      <Filter>AssetLib\LWO</Filter>
    </ClCompile>
    <ClCompile Include="C:\Users\Jonathan  M.B\Desktop\assimp\code\AssetLib\LWO\LWOBLoader.cpp">
      <Filter>AssetLib\LWO</Filter>
    </ClCompile>
    <ClCompile Include="C:\Users\Jonathan  M.B\Desktop\assimp\code\AssetLib\LWO\LWOLoader.cpp">
      <Filter>AssetLib\LWO</Filter>
    </ClCompile>
    <ClCompile Include="C:\Users\Jonathan  M.B\Desktop\assimp\code\AssetLib\LWO\LWOMaterial.cpp">
      <Filter>AssetLib\LWO</Filter>
    </ClCompile>
    <ClCompile Include="C:\Users\Jonathan  M.B\Desktop\assimp\code\AssetLib\LWS\LWSLoader.cpp">
      <Filter>AssetLib\LWS</Filter>
    </ClCompile>
    <ClCompile Include="C:\Users\Jonathan  M.B\Desktop\assimp\code\AssetLib\M3D\M3DImporter.cpp">
      <Filter>AssetLib\M3D</Filter>
    </ClCompile>
    <ClCompile Include="C:\Users\Jonathan  M.B\Desktop\assimp\code\AssetLib\M3D\M3DWrapper.cpp">
      <Filter>AssetLib\M3D</Filter>
    </ClCompile>
    <ClCompile Include="C:\Users\Jonathan  M.B\Desktop\assimp\code\AssetLib\MD2\MD2Loader.cpp">
      <Filter>AssetLib\MD2</Filter>
    </ClCompile>
    <ClCompile Include="C:\Users\Jonathan  M.B\Desktop\assimp\code\AssetLib\MD3\MD3Loader.cpp">
      <Filter>AssetLib\MD3</Filter>
    </ClCompile>
    <ClCompile Include="C:\Users\Jonathan  M.B\Desktop\assimp\code\AssetLib\MD5\MD5Loader.cpp">
      <Filter>AssetLib\MD5</Filter>
    </ClCompile>
    <ClCompile Include="C:\Users\Jonathan  M.B\Desktop\assimp\code\AssetLib\MD5\MD5Parser.cpp">
      <Filter>AssetLib\MD5</Filter>
    </ClCompile>
    <ClCompile Include="C:\Users\Jonathan  M.B\Desktop\assimp\code\AssetLib\MDC\MDCLoader.cpp">
      <Filter>AssetLib\MDC</Filter>
    </ClCompile>
    <ClCompile Include="C:\Users\Jonathan  M.B\Desktop\assimp\code\AssetLib\MDL\MDLLoader.cpp">
      <Filter>AssetLib\MDL</Filter>
    </ClCompile>
    <ClCompile Include="C:\Users\Jonathan  M.B\Desktop\assimp\code\AssetLib\MDL\MDLMaterialLoader.cpp">
      <Filter>AssetLib\MDL</Filter>
    </ClCompile>
    <ClCompile Include="C:\Users\Jonathan  M.B\Desktop\assimp\code\AssetLib\MDL\HalfLife\HL1MDLLoader.cpp">
      <Filter>AssetLib\MDL</Filter>
    </ClCompile>
    <ClCompile Include="C:\Users\Jonathan  M.B\Desktop\assimp\code\AssetLib\MDL\HalfLife\UniqueNameGenerator.cpp">
      <Filter>AssetLib\MDL</Filter>
    </ClCompile>
    <ClCompile Include="C:\Users\Jonathan  M.B\Desktop\assimp\code\AssetLib\NFF\NFFLoader.cpp">
      <Filter>AssetLib\NFF</Filter>
    </ClCompile>
    <ClCompile Include="C:\Users\Jonathan  M.B\Desktop\assimp\code\AssetLib\NDO\NDOLoader.cpp">
      <Filter>AssetLib\NDO</Filter>
    </ClCompile>
    <ClCompile Include="C:\Users\Jonathan  M.B\Desktop\assimp\code\AssetLib\OFF\OFFLoader.cpp">
      <Filter>AssetLib\OFF</Filter>
    </ClCompile>
    <ClCompile Include="C:\Users\Jonathan  M.B\Desktop\assimp\code\AssetLib\Obj\ObjFileImporter.cpp">
      <Filter>AssetLib\OBJ</Filter>
    </ClCompile>
    <ClCompile Include="C:\Users\Jonathan  M.B\Desktop\assimp\code\AssetLib\Obj\ObjFileMtlImporter.cpp">
      <Filter>AssetLib\OBJ</Filter>
    </ClCompile>
    <ClCompile Include="C:\Users\Jonathan  M.B\Desktop\assimp\code\AssetLib\Obj\ObjFileParser.cpp">
      <Filter>AssetLib\OBJ</Filter>
    </ClCompile>
    <ClCompile Include="C:\Users\Jonathan  M.B\Desktop\assimp\code\AssetLib\Ogre\OgreImporter.cpp">
      <Filter>AssetLib\OGRE</Filter>
    </ClCompile>
    <ClCompile Include="C:\Users\Jonathan  M.B\Desktop\assimp\code\AssetLib\Ogre\OgreStructs.cpp">
      <Filter>AssetLib\OGRE</Filter>
    </ClCompile>
    <ClCompile Include="C:\Users\Jonathan  M.B\Desktop\assimp\code\AssetLib\Ogre\OgreBinarySerializer.cpp">
      <Filter>AssetLib\OGRE</Filter>
    </ClCompile>
    <ClCompile Include="C:\Users\Jonathan  M.B\Desktop\assimp\code\AssetLib\Ogre\OgreXmlSerializer.cpp">
      <Filter>AssetLib\OGRE</Filter>
    </ClCompile>
    <ClCompile Include="C:\Users\Jonathan  M.B\Desktop\assimp\code\AssetLib\Ogre\OgreMaterial.cpp">
      <Filter>AssetLib\OGRE</Filter>
    </ClCompile>
    <ClCompile Include="C:\Users\Jonathan  M.B\Desktop\assimp\code\AssetLib\OpenGEX\OpenGEXImporter.cpp">
      <Filter>AssetLib\OPENGEX</Filter>
    </ClCompile>
    <ClCompile Include="C:\Users\Jonathan  M.B\Desktop\assimp\code\AssetLib\Ply\PlyLoader.cpp">
      <Filter>AssetLib\PLY</Filter>
    </ClCompile>
    <ClCompile Include="C:\Users\Jonathan  M.B\Desktop\assimp\code\AssetLib\Ply\PlyParser.cpp">
      <Filter>AssetLib\PLY</Filter>
    </ClCompile>
    <ClCompile Include="C:\Users\Jonathan  M.B\Desktop\assimp\code\AssetLib\MS3D\MS3DLoader.cpp">
      <Filter>AssetLib\MS3D</Filter>
    </ClCompile>
    <ClCompile Include="C:\Users\Jonathan  M.B\Desktop\assimp\code\AssetLib\COB\COBLoader.cpp">
      <Filter>AssetLib\COB</Filter>
    </ClCompile>
    <ClCompile Include="C:\Users\Jonathan  M.B\Desktop\assimp\code\AssetLib\Blender\BlenderLoader.cpp">
      <Filter>AssetLib\BLEND</Filter>
    </ClCompile>
    <ClCompile Include="C:\Users\Jonathan  M.B\Desktop\assimp\code\AssetLib\Blender\BlenderDNA.cpp">
      <Filter>AssetLib\BLEND</Filter>
    </ClCompile>
    <ClCompile Include="C:\Users\Jonathan  M.B\Desktop\assimp\code\AssetLib\Blender\BlenderScene.cpp">
      <Filter>AssetLib\BLEND</Filter>
    </ClCompile>
    <ClCompile Include="C:\Users\Jonathan  M.B\Desktop\assimp\code\AssetLib\Blender\BlenderModifier.cpp">
      <Filter>AssetLib\BLEND</Filter>
    </ClCompile>
    <ClCompile Include="C:\Users\Jonathan  M.B\Desktop\assimp\code\AssetLib\Blender\BlenderBMesh.cpp">
      <Filter>AssetLib\BLEND</Filter>
    </ClCompile>
    <ClCompile Include="C:\Users\Jonathan  M.B\Desktop\assimp\code\AssetLib\Blender\BlenderTessellator.cpp">
      <Filter>AssetLib\BLEND</Filter>
    </ClCompile>
    <ClCompile Include="C:\Users\Jonathan  M.B\Desktop\assimp\code\AssetLib\Blender\BlenderCustomData.cpp">
      <Filter>AssetLib\BLEND</Filter>
    </ClCompile>
    <ClCompile Include="C:\Users\Jonathan  M.B\Desktop\assimp\code\AssetLib\IFC\IFCLoader.cpp">
      <Filter>AssetLib\IFC</Filter>
    </ClCompile>
    <ClCompile Include="C:\Users\Jonathan  M.B\Desktop\assimp\code\AssetLib\IFC\IFCReaderGen1_2x3.cpp">
      <Filter>AssetLib\IFC</Filter>
    </ClCompile>
    <ClCompile Include="C:\Users\Jonathan  M.B\Desktop\assimp\code\AssetLib\IFC\IFCReaderGen2_2x3.cpp">
      <Filter>AssetLib\IFC</Filter>
    </ClCompile>
    <ClCompile Include="C:\Users\Jonathan  M.B\Desktop\assimp\code\AssetLib\IFC\IFCUtil.cpp">
      <Filter>AssetLib\IFC</Filter>
    </ClCompile>
    <ClCompile Include="C:\Users\Jonathan  M.B\Desktop\assimp\code\AssetLib\IFC\IFCGeometry.cpp">
      <Filter>AssetLib\IFC</Filter>
    </ClCompile>
    <ClCompile Include="C:\Users\Jonathan  M.B\Desktop\assimp\code\AssetLib\IFC\IFCMaterial.cpp">
      <Filter>AssetLib\IFC</Filter>
    </ClCompile>
    <ClCompile Include="C:\Users\Jonathan  M.B\Desktop\assimp\code\AssetLib\IFC\IFCProfile.cpp">
      <Filter>AssetLib\IFC</Filter>
    </ClCompile>
    <ClCompile Include="C:\Users\Jonathan  M.B\Desktop\assimp\code\AssetLib\IFC\IFCCurve.cpp">
      <Filter>AssetLib\IFC</Filter>
    </ClCompile>
    <ClCompile Include="C:\Users\Jonathan  M.B\Desktop\assimp\code\AssetLib\IFC\IFCBoolean.cpp">
      <Filter>AssetLib\IFC</Filter>
    </ClCompile>
    <ClCompile Include="C:\Users\Jonathan  M.B\Desktop\assimp\code\AssetLib\IFC\IFCOpenings.cpp">
      <Filter>AssetLib\IFC</Filter>
    </ClCompile>
    <ClCompile Include="C:\Users\Jonathan  M.B\Desktop\assimp\code\AssetLib\XGL\XGLLoader.cpp">
      <Filter>AssetLib\XGL</Filter>
    </ClCompile>
    <ClCompile Include="C:\Users\Jonathan  M.B\Desktop\assimp\code\AssetLib\FBX\FBXImporter.cpp">
      <Filter>AssetLib\FBX</Filter>
    </ClCompile>
    <ClCompile Include="C:\Users\Jonathan  M.B\Desktop\assimp\code\AssetLib\FBX\FBXParser.cpp">
      <Filter>AssetLib\FBX</Filter>
    </ClCompile>
    <ClCompile Include="C:\Users\Jonathan  M.B\Desktop\assimp\code\AssetLib\FBX\FBXTokenizer.cpp">
      <Filter>AssetLib\FBX</Filter>
    </ClCompile>
    <ClCompile Include="C:\Users\Jonathan  M.B\Desktop\assimp\code\AssetLib\FBX\FBXConverter.cpp">
      <Filter>AssetLib\FBX</Filter>
    </ClCompile>
    <ClCompile Include="C:\Users\Jonathan  M.B\Desktop\assimp\code\AssetLib\FBX\FBXUtil.cpp">
      <Filter>AssetLib\FBX</Filter>
    </ClCompile>
    <ClCompile Include="C:\Users\Jonathan  M.B\Desktop\assimp\code\AssetLib\FBX\FBXDocument.cpp">
      <Filter>AssetLib\FBX</Filter>
    </ClCompile>
    <ClCompile Include="C:\Users\Jonathan  M.B\Desktop\assimp\code\AssetLib\FBX\FBXProperties.cpp">
      <Filter>AssetLib\FBX</Filter>
    </ClCompile>
    <ClCompile Include="C:\Users\Jonathan  M.B\Desktop\assimp\code\AssetLib\FBX\FBXMeshGeometry.cpp">
      <Filter>AssetLib\FBX</Filter>
    </ClCompile>
    <ClCompile Include="C:\Users\Jonathan  M.B\Desktop\assimp\code\AssetLib\FBX\FBXMaterial.cpp">
      <Filter>AssetLib\FBX</Filter>
    </ClCompile>
    <ClCompile Include="C:\Users\Jonathan  M.B\Desktop\assimp\code\AssetLib\FBX\FBXModel.cpp">
      <Filter>AssetLib\FBX</Filter>
    </ClCompile>
    <ClCompile Include="C:\Users\Jonathan  M.B\Desktop\assimp\code\AssetLib\FBX\FBXAnimation.cpp">
      <Filter>AssetLib\FBX</Filter>
    </ClCompile>
    <ClCompile Include="C:\Users\Jonathan  M.B\Desktop\assimp\code\AssetLib\FBX\FBXNodeAttribute.cpp">
      <Filter>AssetLib\FBX</Filter>
    </ClCompile>
    <ClCompile Include="C:\Users\Jonathan  M.B\Desktop\assimp\code\AssetLib\FBX\FBXDeformer.cpp">
      <Filter>AssetLib\FBX</Filter>
    </ClCompile>
    <ClCompile Include="C:\Users\Jonathan  M.B\Desktop\assimp\code\AssetLib\FBX\FBXBinaryTokenizer.cpp">
      <Filter>AssetLib\FBX</Filter>
    </ClCompile>
    <ClCompile Include="C:\Users\Jonathan  M.B\Desktop\assimp\code\AssetLib\FBX\FBXDocumentUtil.cpp">
      <Filter>AssetLib\FBX</Filter>
    </ClCompile>
    <ClCompile Include="C:\Users\Jonathan  M.B\Desktop\assimp\code\AssetLib\Q3D\Q3DLoader.cpp">
      <Filter>AssetLib\Q3D</Filter>
    </ClCompile>
    <ClCompile Include="C:\Users\Jonathan  M.B\Desktop\assimp\code\AssetLib\Q3BSP\Q3BSPFileParser.cpp">
      <Filter>AssetLib\Q3BSP</Filter>
    </ClCompile>
    <ClCompile Include="C:\Users\Jonathan  M.B\Desktop\assimp\code\AssetLib\Q3BSP\Q3BSPFileImporter.cpp">
      <Filter>AssetLib\Q3BSP</Filter>
    </ClCompile>
    <ClCompile Include="C:\Users\Jonathan  M.B\Desktop\assimp\code\AssetLib\Raw\RawLoader.cpp">
      <Filter>AssetLib\RAW</Filter>
    </ClCompile>
    <ClCompile Include="C:\Users\Jonathan  M.B\Desktop\assimp\code\AssetLib\SIB\SIBImporter.cpp">
      <Filter>AssetLib\SIB</Filter>
    </ClCompile>
    <ClCompile Include="C:\Users\Jonathan  M.B\Desktop\assimp\code\AssetLib\SMD\SMDLoader.cpp">
      <Filter>AssetLib\SMD</Filter>
    </ClCompile>
    <ClCompile Include="C:\Users\Jonathan  M.B\Desktop\assimp\code\AssetLib\STL\STLLoader.cpp">
      <Filter>AssetLib\STL</Filter>
    </ClCompile>
    <ClCompile Include="C:\Users\Jonathan  M.B\Desktop\assimp\code\AssetLib\Terragen\TerragenLoader.cpp">
      <Filter>AssetLib\TERRAGEN</Filter>
    </ClCompile>
    <ClCompile Include="C:\Users\Jonathan  M.B\Desktop\assimp\code\AssetLib\Unreal\UnrealLoader.cpp">
      <Filter>AssetLib\3D</Filter>
    </ClCompile>
    <ClCompile Include="C:\Users\Jonathan  M.B\Desktop\assimp\code\AssetLib\X\XFileImporter.cpp">
      <Filter>AssetLib\X</Filter>
    </ClCompile>
    <ClCompile Include="C:\Users\Jonathan  M.B\Desktop\assimp\code\AssetLib\X\XFileParser.cpp">
      <Filter>AssetLib\X</Filter>
    </ClCompile>
    <ClCompile Include="C:\Users\Jonathan  M.B\Desktop\assimp\code\AssetLib\X3D\X3DImporter.cpp">
      <Filter>AssetLib\X3D</Filter>
    </ClCompile>
    <ClCompile Include="C:\Users\Jonathan  M.B\Desktop\assimp\code\AssetLib\X3D\X3DImporter_Geometry2D.cpp">
      <Filter>AssetLib\X3D</Filter>
    </ClCompile>
    <ClCompile Include="C:\Users\Jonathan  M.B\Desktop\assimp\code\AssetLib\X3D\X3DImporter_Geometry3D.cpp">
      <Filter>AssetLib\X3D</Filter>
    </ClCompile>
    <ClCompile Include="C:\Users\Jonathan  M.B\Desktop\assimp\code\AssetLib\X3D\X3DImporter_Group.cpp">
      <Filter>AssetLib\X3D</Filter>
    </ClCompile>
    <ClCompile Include="C:\Users\Jonathan  M.B\Desktop\assimp\code\AssetLib\X3D\X3DImporter_Light.cpp">
      <Filter>AssetLib\X3D</Filter>
    </ClCompile>
    <ClCompile Include="C:\Users\Jonathan  M.B\Desktop\assimp\code\AssetLib\X3D\X3DImporter_Metadata.cpp">
      <Filter>AssetLib\X3D</Filter>
    </ClCompile>
    <ClCompile Include="C:\Users\Jonathan  M.B\Desktop\assimp\code\AssetLib\X3D\X3DImporter_Networking.cpp">
      <Filter>AssetLib\X3D</Filter>
    </ClCompile>
    <ClCompile Include="C:\Users\Jonathan  M.B\Desktop\assimp\code\AssetLib\X3D\X3DImporter_Postprocess.cpp">
      <Filter>AssetLib\X3D</Filter>
    </ClCompile>
    <ClCompile Include="C:\Users\Jonathan  M.B\Desktop\assimp\code\AssetLib\X3D\X3DImporter_Rendering.cpp">
      <Filter>AssetLib\X3D</Filter>
    </ClCompile>
    <ClCompile Include="C:\Users\Jonathan  M.B\Desktop\assimp\code\AssetLib\X3D\X3DImporter_Shape.cpp">
      <Filter>AssetLib\X3D</Filter>
    </ClCompile>
    <ClCompile Include="C:\Users\Jonathan  M.B\Desktop\assimp\code\AssetLib\X3D\X3DImporter_Texturing.cpp">
      <Filter>AssetLib\X3D</Filter>
    </ClCompile>
    <ClCompile Include="C:\Users\Jonathan  M.B\Desktop\assimp\code\AssetLib\X3D\X3DGeoHelper.cpp">
      <Filter>AssetLib\X3D</Filter>
    </ClCompile>
    <ClCompile Include="C:\Users\Jonathan  M.B\Desktop\assimp\code\AssetLib\X3D\X3DXmlHelper.cpp">
      <Filter>AssetLib\X3D</Filter>
    </ClCompile>
    <ClCompile Include="C:\Users\Jonathan  M.B\Desktop\assimp\code\AssetLib\glTF\glTFCommon.cpp">
      <Filter>AssetLib\GLTF</Filter>
    </ClCompile>
    <ClCompile Include="C:\Users\Jonathan  M.B\Desktop\assimp\code\AssetLib\glTF\glTFImporter.cpp">
      <Filter>AssetLib\GLTF</Filter>
    </ClCompile>
    <ClCompile Include="C:\Users\Jonathan  M.B\Desktop\assimp\code\AssetLib\glTF2\glTF2Importer.cpp">
      <Filter>AssetLib\GLTF</Filter>
    </ClCompile>
    <ClCompile Include="C:\Users\Jonathan  M.B\Desktop\assimp\code\AssetLib\3MF\XmlSerializer.cpp">
      <Filter>AssetLib\3MF</Filter>
    </ClCompile>
    <ClCompile Include="C:\Users\Jonathan  M.B\Desktop\assimp\code\AssetLib\3MF\D3MFImporter.cpp">
      <Filter>AssetLib\3MF</Filter>
    </ClCompile>
    <ClCompile Include="C:\Users\Jonathan  M.B\Desktop\assimp\code\AssetLib\3MF\D3MFOpcPackage.cpp">
      <Filter>AssetLib\3MF</Filter>
    </ClCompile>
    <ClCompile Include="C:\Users\Jonathan  M.B\Desktop\assimp\code\AssetLib\MMD\MMDImporter.cpp">
      <Filter>AssetLib\MMD</Filter>
    </ClCompile>
    <ClCompile Include="C:\Users\Jonathan  M.B\Desktop\assimp\code\AssetLib\MMD\MMDPmxParser.cpp">
      <Filter>AssetLib\MMD</Filter>
    </ClCompile>
    <ClCompile Include="C:\Users\Jonathan  M.B\Desktop\assimp\code\AssetLib\Obj\ObjExporter.cpp">
      <Filter>AssetLib\OBJ</Filter>
    </ClCompile>
    <ClCompile Include="C:\Users\Jonathan  M.B\Desktop\assimp\code\AssetLib\OpenGEX\OpenGEXExporter.cpp">
      <Filter>AssetLib\OPENGEX</Filter>
    </ClCompile>
    <ClCompile Include="C:\Users\Jonathan  M.B\Desktop\assimp\code\AssetLib\Ply\PlyExporter.cpp">
      <Filter>AssetLib\PLY</Filter>
    </ClCompile>
    <ClCompile Include="C:\Users\Jonathan  M.B\Desktop\assimp\code\AssetLib\3DS\3DSExporter.cpp">
      <Filter>AssetLib\3DS</Filter>
    </ClCompile>
    <ClCompile Include="C:\Users\Jonathan  M.B\Desktop\assimp\code\AssetLib\Assbin\AssbinExporter.cpp">
      <Filter>AssetLib\ASSBIN</Filter>
    </ClCompile>
    <ClCompile Include="C:\Users\Jonathan  M.B\Desktop\assimp\code\AssetLib\Assbin\AssbinFileWriter.cpp">
      <Filter>AssetLib\ASSBIN</Filter>
    </ClCompile>
    <ClCompile Include="C:\Users\Jonathan  M.B\Desktop\assimp\code\AssetLib\Assxml\AssxmlExporter.cpp">
      <Filter>AssetLib\ASSXML</Filter>
    </ClCompile>
    <ClCompile Include="C:\Users\Jonathan  M.B\Desktop\assimp\code\AssetLib\Assxml\AssxmlFileWriter.cpp">
      <Filter>AssetLib\ASSXML</Filter>
    </ClCompile>
    <ClCompile Include="C:\Users\Jonathan  M.B\Desktop\assimp\code\AssetLib\M3D\M3DExporter.cpp">
      <Filter>AssetLib\M3D</Filter>
    </ClCompile>
    <ClCompile Include="C:\Users\Jonathan  M.B\Desktop\assimp\code\AssetLib\Collada\ColladaExporter.cpp">
      <Filter>AssetLib\COLLADA</Filter>
    </ClCompile>
    <ClCompile Include="C:\Users\Jonathan  M.B\Desktop\assimp\code\AssetLib\FBX\FBXExporter.cpp">
      <Filter>AssetLib\FBX</Filter>
    </ClCompile>
    <ClCompile Include="C:\Users\Jonathan  M.B\Desktop\assimp\code\AssetLib\FBX\FBXExportNode.cpp">
      <Filter>AssetLib\FBX</Filter>
    </ClCompile>
    <ClCompile Include="C:\Users\Jonathan  M.B\Desktop\assimp\code\AssetLib\FBX\FBXExportProperty.cpp">
      <Filter>AssetLib\FBX</Filter>
    </ClCompile>
    <ClCompile Include="C:\Users\Jonathan  M.B\Desktop\assimp\code\AssetLib\STL\STLExporter.cpp">
      <Filter>AssetLib\STL</Filter>
    </ClCompile>
    <ClCompile Include="C:\Users\Jonathan  M.B\Desktop\assimp\code\AssetLib\X\XFileExporter.cpp">
      <Filter>AssetLib\X</Filter>
    </ClCompile>
    <ClCompile Include="C:\Users\Jonathan  M.B\Desktop\assimp\code\AssetLib\X3D\X3DExporter.cpp">
      <Filter>AssetLib\X3D</Filter>
    </ClCompile>
    <ClCompile Include="C:\Users\Jonathan  M.B\Desktop\assimp\code\AssetLib\glTF\glTFExporter.cpp">
      <Filter>AssetLib\GLTF</Filter>
    </ClCompile>
    <ClCompile Include="C:\Users\Jonathan  M.B\Desktop\assimp\code\AssetLib\glTF2\glTF2Exporter.cpp">
      <Filter>AssetLib\GLTF</Filter>
    </ClCompile>
    <ClCompile Include="C:\Users\Jonathan  M.B\Desktop\assimp\code\AssetLib\3MF\D3MFExporter.cpp">
      <Filter>AssetLib\3MF</Filter>
    </ClCompile>
    <ClCompile Include="C:\Users\Jonathan  M.B\Desktop\assimp\code\Pbrt\PbrtExporter.cpp">
      <Filter>AssetLib\PBRT</Filter>
    </ClCompile>
    <ClCompile Include="C:\Users\Jonathan  M.B\Desktop\assimp\code\AssetLib\Assjson\cencode.c">
      <Filter>AssetLib\ASSJSON</Filter>
    </ClCompile>
    <ClCompile Include="C:\Users\Jonathan  M.B\Desktop\assimp\code\AssetLib\Assjson\json_exporter.cpp">
      <Filter>AssetLib\ASSJSON</Filter>
    </ClCompile>
    <ClCompile Include="C:\Users\Jonathan  M.B\Desktop\assimp\code\AssetLib\Assjson\mesh_splitter.cpp">
      <Filter>AssetLib\ASSJSON</Filter>
    </ClCompile>
    <ClCompile Include="C:\Users\Jonathan  M.B\Desktop\assimp\code\AssetLib\Step\StepExporter.cpp">
      <Filter>AssetLib\STEP</Filter>
    </ClCompile>
    <ClCompile Include="C:\Users\Jonathan  M.B\Desktop\assimp\contrib\unzip\crypt.c">
      <Filter>Contrib\unzip</Filter>
    </ClCompile>
    <ClCompile Include="C:\Users\Jonathan  M.B\Desktop\assimp\contrib\unzip\ioapi.c">
      <Filter>Contrib\unzip</Filter>
    </ClCompile>
    <ClCompile Include="C:\Users\Jonathan  M.B\Desktop\assimp\contrib\unzip\unzip.c">
      <Filter>Contrib\unzip</Filter>
    </ClCompile>
    <ClCompile Include="C:\Users\Jonathan  M.B\Desktop\assimp\contrib\poly2tri\poly2tri\common\shapes.cc">
      <Filter>Contrib\Poly2Tri</Filter>
    </ClCompile>
    <ClCompile Include="C:\Users\Jonathan  M.B\Desktop\assimp\contrib\poly2tri\poly2tri\sweep\advancing_front.cc">
      <Filter>Contrib\Poly2Tri</Filter>
    </ClCompile>
    <ClCompile Include="C:\Users\Jonathan  M.B\Desktop\assimp\contrib\poly2tri\poly2tri\sweep\cdt.cc">
      <Filter>Contrib\Poly2Tri</Filter>
    </ClCompile>
    <ClCompile Include="C:\Users\Jonathan  M.B\Desktop\assimp\contrib\poly2tri\poly2tri\sweep\sweep.cc">
      <Filter>Contrib\Poly2Tri</Filter>
    </ClCompile>
    <ClCompile Include="C:\Users\Jonathan  M.B\Desktop\assimp\contrib\poly2tri\poly2tri\sweep\sweep_context.cc">
      <Filter>Contrib\Poly2Tri</Filter>
    </ClCompile>
    <ClCompile Include="C:\Users\Jonathan  M.B\Desktop\assimp\contrib\clipper\clipper.cpp">
      <Filter>Contrib\Clipper</Filter>
    </ClCompile>
    <ClCompile Include="C:\Users\Jonathan  M.B\Desktop\assimp\contrib\openddlparser\code\OpenDDLParser.cpp">
      <Filter>Contrib\openddl_parser</Filter>
    </ClCompile>
    <ClCompile Include="C:\Users\Jonathan  M.B\Desktop\assimp\contrib\openddlparser\code\DDLNode.cpp">
      <Filter>Contrib\openddl_parser</Filter>
    </ClCompile>
    <ClCompile Include="C:\Users\Jonathan  M.B\Desktop\assimp\contrib\openddlparser\code\OpenDDLCommon.cpp">
      <Filter>Contrib\openddl_parser</Filter>
    </ClCompile>
    <ClCompile Include="C:\Users\Jonathan  M.B\Desktop\assimp\contrib\openddlparser\code\OpenDDLExport.cpp">
      <Filter>Contrib\openddl_parser</Filter>
    </ClCompile>
    <ClCompile Include="C:\Users\Jonathan  M.B\Desktop\assimp\contrib\openddlparser\code\Value.cpp">
      <Filter>Contrib\openddl_parser</Filter>
    </ClCompile>
    <ClCompile Include="C:\Users\Jonathan  M.B\Desktop\assimp\contrib\openddlparser\code\OpenDDLStream.cpp">
      <Filter>Contrib\openddl_parser</Filter>
    </ClCompile>
    <ClCompile Include="C:\Users\Jonathan  M.B\Desktop\assimp\contrib\Open3DGC\o3dgcArithmeticCodec.cpp">
      <Filter>Contrib\open3dgc</Filter>
    </ClCompile>
    <ClCompile Include="C:\Users\Jonathan  M.B\Desktop\assimp\contrib\Open3DGC\o3dgcDynamicVectorDecoder.cpp">
      <Filter>Contrib\open3dgc</Filter>
    </ClCompile>
    <ClCompile Include="C:\Users\Jonathan  M.B\Desktop\assimp\contrib\Open3DGC\o3dgcDynamicVectorEncoder.cpp">
      <Filter>Contrib\open3dgc</Filter>
    </ClCompile>
    <ClCompile Include="C:\Users\Jonathan  M.B\Desktop\assimp\contrib\Open3DGC\o3dgcTools.cpp">
      <Filter>Contrib\open3dgc</Filter>
    </ClCompile>
    <ClCompile Include="C:\Users\Jonathan  M.B\Desktop\assimp\contrib\Open3DGC\o3dgcTriangleFans.cpp">
      <Filter>Contrib\open3dgc</Filter>
    </ClCompile>
    <ClCompile Include="C:\Users\Jonathan  M.B\Desktop\assimp\contrib\zip\src\zip.c">
      <Filter>ziplib</Filter>
    </ClCompile>
  </ItemGroup>
  <ItemGroup>
    <ClInclude Include="C:\Users\Jonathan  M.B\Desktop\assimp\code\CApi\CInterfaceIOWrapper.h">
      <Filter>CApi</Filter>
    </ClInclude>
    <ClInclude Include="C:\Users\Jonathan  M.B\Desktop\assimp\code\Common\Compression.h">
      <Filter>Common</Filter>
    </ClInclude>
    <ClInclude Include="C:\Users\Jonathan  M.B\Desktop\assimp\code\Common\BaseProcess.h">
      <Filter>Common</Filter>
    </ClInclude>
    <ClInclude Include="C:\Users\Jonathan  M.B\Desktop\assimp\code\Common\Importer.h">
      <Filter>Common</Filter>
    </ClInclude>
    <ClInclude Include="C:\Users\Jonathan  M.B\Desktop\assimp\code\Common\ScenePrivate.h">
      <Filter>Common</Filter>
    </ClInclude>
    <ClInclude Include="C:\Users\Jonathan  M.B\Desktop\assimp\code\Common\DefaultProgressHandler.h">
      <Filter>Common</Filter>
    </ClInclude>
    <ClInclude Include="C:\Users\Jonathan  M.B\Desktop\assimp\code\Common\PolyTools.h">
      <Filter>Common</Filter>
    </ClInclude>
    <ClInclude Include="C:\Users\Jonathan  M.B\Desktop\assimp\code\Common\IFF.h">
      <Filter>Common</Filter>
    </ClInclude>
    <ClInclude Include="C:\Users\Jonathan  M.B\Desktop\assimp\code\Common\VertexTriangleAdjacency.h">
      <Filter>Common</Filter>
    </ClInclude>
    <ClInclude Include="C:\Users\Jonathan  M.B\Desktop\assimp\code\Common\ScenePreprocessor.h">
      <Filter>Common</Filter>
    </ClInclude>
    <ClInclude Include="C:\Users\Jonathan  M.B\Desktop\assimp\code\Common\TargetAnimation.h">
      <Filter>Common</Filter>
    </ClInclude>
    <ClInclude Include="C:\Users\Jonathan  M.B\Desktop\assimp\code\Common\simd.h">
      <Filter>Common</Filter>
    </ClInclude>
    <ClInclude Include="C:\Users\Jonathan  M.B\Desktop\assimp\include\assimp\DefaultLogger.hpp">
      <Filter>include\assimp</Filter>
    </ClInclude>
    <ClInclude Include="C:\Users\Jonathan  M.B\Desktop\assimp\include\assimp\LogStream.hpp">
      <Filter>include\assimp</Filter>
    </ClInclude>
    <ClInclude Include="C:\Users\Jonathan  M.B\Desktop\assimp\include\assimp\Logger.hpp">
      <Filter>include\assimp</Filter>
    </ClInclude>
    <ClInclude Include="C:\Users\Jonathan  M.B\Desktop\assimp\include\assimp\NullLogger.hpp">
      <Filter>include\assimp</Filter>
    </ClInclude>
    <ClInclude Include="C:\Users\Jonathan  M.B\Desktop\assimp\code\Common\Win32DebugLogStream.h">
      <Filter>Logging</Filter>
    </ClInclude>
    <ClInclude Include="C:\Users\Jonathan  M.B\Desktop\assimp\code\Common\FileLogStream.h">
      <Filter>Logging</Filter>
    </ClInclude>
    <ClInclude Include="C:\Users\Jonathan  M.B\Desktop\assimp\code\Common\StdOStreamLogStream.h">
      <Filter>Logging</Filter>
    </ClInclude>
    <ClInclude Include="C:\Users\Jonathan  M.B\Desktop\assimp\include\assimp\BlobIOSystem.h">
      <Filter>include\assimp</Filter>
    </ClInclude>
    <ClInclude Include="C:\Users\Jonathan  M.B\Desktop\assimp\code\PostProcessing\CalcTangentsProcess.h">
      <Filter>PostProcessing</Filter>
    </ClInclude>
    <ClInclude Include="C:\Users\Jonathan  M.B\Desktop\assimp\code\PostProcessing\ComputeUVMappingProcess.h">
      <Filter>PostProcessing</Filter>
    </ClInclude>
    <ClInclude Include="C:\Users\Jonathan  M.B\Desktop\assimp\code\PostProcessing\ConvertToLHProcess.h">
      <Filter>PostProcessing</Filter>
    </ClInclude>
    <ClInclude Include="C:\Users\Jonathan  M.B\Desktop\assimp\code\PostProcessing\EmbedTexturesProcess.h">
      <Filter>PostProcessing</Filter>
    </ClInclude>
    <ClInclude Include="C:\Users\Jonathan  M.B\Desktop\assimp\code\PostProcessing\FindDegenerates.h">
      <Filter>PostProcessing</Filter>
    </ClInclude>
    <ClInclude Include="C:\Users\Jonathan  M.B\Desktop\assimp\code\PostProcessing\FindInstancesProcess.h">
      <Filter>PostProcessing</Filter>
    </ClInclude>
    <ClInclude Include="C:\Users\Jonathan  M.B\Desktop\assimp\code\PostProcessing\FindInvalidDataProcess.h">
      <Filter>PostProcessing</Filter>
    </ClInclude>
    <ClInclude Include="C:\Users\Jonathan  M.B\Desktop\assimp\code\PostProcessing\FixNormalsStep.h">
      <Filter>PostProcessing</Filter>
    </ClInclude>
    <ClInclude Include="C:\Users\Jonathan  M.B\Desktop\assimp\code\PostProcessing\DropFaceNormalsProcess.h">
      <Filter>PostProcessing</Filter>
    </ClInclude>
    <ClInclude Include="C:\Users\Jonathan  M.B\Desktop\assimp\code\PostProcessing\GenFaceNormalsProcess.h">
      <Filter>PostProcessing</Filter>
    </ClInclude>
    <ClInclude Include="C:\Users\Jonathan  M.B\Desktop\assimp\code\PostProcessing\GenVertexNormalsProcess.h">
      <Filter>PostProcessing</Filter>
    </ClInclude>
    <ClInclude Include="C:\Users\Jonathan  M.B\Desktop\assimp\code\PostProcessing\PretransformVertices.h">
      <Filter>PostProcessing</Filter>
    </ClInclude>
    <ClInclude Include="C:\Users\Jonathan  M.B\Desktop\assimp\code\PostProcessing\ImproveCacheLocality.h">
      <Filter>PostProcessing</Filter>
    </ClInclude>
    <ClInclude Include="C:\Users\Jonathan  M.B\Desktop\assimp\code\PostProcessing\JoinVerticesProcess.h">
      <Filter>PostProcessing</Filter>
    </ClInclude>
    <ClInclude Include="C:\Users\Jonathan  M.B\Desktop\assimp\code\PostProcessing\LimitBoneWeightsProcess.h">
      <Filter>PostProcessing</Filter>
    </ClInclude>
    <ClInclude Include="C:\Users\Jonathan  M.B\Desktop\assimp\code\PostProcessing\RemoveRedundantMaterials.h">
      <Filter>PostProcessing</Filter>
    </ClInclude>
    <ClInclude Include="C:\Users\Jonathan  M.B\Desktop\assimp\code\PostProcessing\RemoveVCProcess.h">
      <Filter>PostProcessing</Filter>
    </ClInclude>
    <ClInclude Include="C:\Users\Jonathan  M.B\Desktop\assimp\code\PostProcessing\SortByPTypeProcess.h">
      <Filter>PostProcessing</Filter>
    </ClInclude>
    <ClInclude Include="C:\Users\Jonathan  M.B\Desktop\assimp\code\PostProcessing\SplitLargeMeshes.h">
      <Filter>PostProcessing</Filter>
    </ClInclude>
    <ClInclude Include="C:\Users\Jonathan  M.B\Desktop\assimp\code\PostProcessing\TextureTransform.h">
      <Filter>PostProcessing</Filter>
    </ClInclude>
    <ClInclude Include="C:\Users\Jonathan  M.B\Desktop\assimp\code\PostProcessing\TriangulateProcess.h">
      <Filter>PostProcessing</Filter>
    </ClInclude>
    <ClInclude Include="C:\Users\Jonathan  M.B\Desktop\assimp\code\PostProcessing\ValidateDataStructure.h">
      <Filter>PostProcessing</Filter>
    </ClInclude>
    <ClInclude Include="C:\Users\Jonathan  M.B\Desktop\assimp\code\PostProcessing\OptimizeGraph.h">
      <Filter>PostProcessing</Filter>
    </ClInclude>
    <ClInclude Include="C:\Users\Jonathan  M.B\Desktop\assimp\code\PostProcessing\OptimizeMeshes.h">
      <Filter>PostProcessing</Filter>
    </ClInclude>
    <ClInclude Include="C:\Users\Jonathan  M.B\Desktop\assimp\code\PostProcessing\DeboneProcess.h">
      <Filter>PostProcessing</Filter>
    </ClInclude>
    <ClInclude Include="C:\Users\Jonathan  M.B\Desktop\assimp\code\PostProcessing\ProcessHelper.h">
      <Filter>PostProcessing</Filter>
    </ClInclude>
    <ClInclude Include="C:\Users\Jonathan  M.B\Desktop\assimp\code\PostProcessing\MakeVerboseFormat.h">
      <Filter>PostProcessing</Filter>
    </ClInclude>
    <ClInclude Include="C:\Users\Jonathan  M.B\Desktop\assimp\code\PostProcessing\ScaleProcess.h">
      <Filter>PostProcessing</Filter>
    </ClInclude>
    <ClInclude Include="C:\Users\Jonathan  M.B\Desktop\assimp\code\PostProcessing\ArmaturePopulate.h">
      <Filter>PostProcessing</Filter>
    </ClInclude>
    <ClInclude Include="C:\Users\Jonathan  M.B\Desktop\assimp\code\PostProcessing\GenBoundingBoxesProcess.h">
      <Filter>PostProcessing</Filter>
    </ClInclude>
    <ClInclude Include="C:\Users\Jonathan  M.B\Desktop\assimp\code\PostProcessing\SplitByBoneCountProcess.h">
      <Filter>PostProcessing</Filter>
    </ClInclude>
    <ClInclude Include="C:\Users\Jonathan  M.B\Desktop\assimp\code\Material\MaterialSystem.h">
      <Filter>MaterialSystem</Filter>
    </ClInclude>
    <ClInclude Include="C:\Users\Jonathan  M.B\Desktop\assimp\code\AssetLib\STEPParser\STEPFileReader.h">
      <Filter>STEPParser</Filter>
    </ClInclude>
    <ClInclude Include="C:\Users\Jonathan  M.B\Desktop\assimp\code\AssetLib\STEPParser\STEPFileEncoding.h">
      <Filter>STEPParser</Filter>
    </ClInclude>
    <ClInclude Include="C:\Users\Jonathan  M.B\Desktop\assimp\code\AssetLib\AMF\AMFImporter.hpp">
      <Filter>AssetLib\AMF</Filter>
    </ClInclude>
    <ClInclude Include="C:\Users\Jonathan  M.B\Desktop\assimp\code\AssetLib\AMF\AMFImporter_Node.hpp">
      <Filter>AssetLib\AMF</Filter>
    </ClInclude>
    <ClInclude Include="C:\Users\Jonathan  M.B\Desktop\assimp\code\AssetLib\3DS\3DSHelper.h">
      <Filter>AssetLib\3DS</Filter>
    </ClInclude>
    <ClInclude Include="C:\Users\Jonathan  M.B\Desktop\assimp\code\AssetLib\3DS\3DSLoader.h">
      <Filter>AssetLib\3DS</Filter>
    </ClInclude>
    <ClInclude Include="C:\Users\Jonathan  M.B\Desktop\assimp\code\AssetLib\AC\ACLoader.h">
      <Filter>AssetLib\AC</Filter>
    </ClInclude>
    <ClInclude Include="C:\Users\Jonathan  M.B\Desktop\assimp\code\AssetLib\ASE\ASELoader.h">
      <Filter>AssetLib\ASE</Filter>
    </ClInclude>
    <ClInclude Include="C:\Users\Jonathan  M.B\Desktop\assimp\code\AssetLib\ASE\ASEParser.h">
      <Filter>AssetLib\ASE</Filter>
    </ClInclude>
    <ClInclude Include="C:\Users\Jonathan  M.B\Desktop\assimp\code\AssetLib\Assbin\AssbinLoader.h">
      <Filter>AssetLib\ASSBIN</Filter>
    </ClInclude>
    <ClInclude Include="C:\Users\Jonathan  M.B\Desktop\assimp\code\AssetLib\B3D\B3DImporter.h">
      <Filter>AssetLib\B3D</Filter>
    </ClInclude>
    <ClInclude Include="C:\Users\Jonathan  M.B\Desktop\assimp\code\AssetLib\BVH\BVHLoader.h">
      <Filter>AssetLib\BVH</Filter>
    </ClInclude>
    <ClInclude Include="C:\Users\Jonathan  M.B\Desktop\assimp\code\AssetLib\Collada\ColladaHelper.h">
      <Filter>AssetLib\COLLADA</Filter>
    </ClInclude>
    <ClInclude Include="C:\Users\Jonathan  M.B\Desktop\assimp\code\AssetLib\Collada\ColladaLoader.h">
      <Filter>AssetLib\COLLADA</Filter>
    </ClInclude>
    <ClInclude Include="C:\Users\Jonathan  M.B\Desktop\assimp\code\AssetLib\Collada\ColladaParser.h">
      <Filter>AssetLib\COLLADA</Filter>
    </ClInclude>
    <ClInclude Include="C:\Users\Jonathan  M.B\Desktop\assimp\code\AssetLib\DXF\DXFLoader.h">
      <Filter>AssetLib\DXF</Filter>
    </ClInclude>
    <ClInclude Include="C:\Users\Jonathan  M.B\Desktop\assimp\code\AssetLib\DXF\DXFHelper.h">
      <Filter>AssetLib\DXF</Filter>
    </ClInclude>
    <ClInclude Include="C:\Users\Jonathan  M.B\Desktop\assimp\code\AssetLib\CSM\CSMLoader.h">
      <Filter>AssetLib\CSM</Filter>
    </ClInclude>
    <ClInclude Include="C:\Users\Jonathan  M.B\Desktop\assimp\code\AssetLib\HMP\HMPFileData.h">
      <Filter>AssetLib\HMP</Filter>
    </ClInclude>
    <ClInclude Include="C:\Users\Jonathan  M.B\Desktop\assimp\code\AssetLib\HMP\HMPLoader.h">
      <Filter>AssetLib\HMP</Filter>
    </ClInclude>
    <ClInclude Include="C:\Users\Jonathan  M.B\Desktop\assimp\code\AssetLib\HMP\HalfLifeFileData.h">
      <Filter>AssetLib\HMP</Filter>
    </ClInclude>
    <ClInclude Include="C:\Users\Jonathan  M.B\Desktop\assimp\code\AssetLib\Irr\IRRMeshLoader.h">
      <Filter>AssetLib\IRRMESH</Filter>
    </ClInclude>
    <ClInclude Include="C:\Users\Jonathan  M.B\Desktop\assimp\code\AssetLib\Irr\IRRShared.h">
      <Filter>AssetLib\IRRMESH</Filter>
    </ClInclude>
    <ClInclude Include="C:\Users\Jonathan  M.B\Desktop\assimp\code\AssetLib\IQM\iqm.h">
      <Filter>AssetLib\IQM</Filter>
    </ClInclude>
    <ClInclude Include="C:\Users\Jonathan  M.B\Desktop\assimp\code\AssetLib\IQM\IQMImporter.h">
      <Filter>AssetLib\IQM</Filter>
    </ClInclude>
    <ClInclude Include="C:\Users\Jonathan  M.B\Desktop\assimp\code\AssetLib\Irr\IRRLoader.h">
      <Filter>AssetLib\IRR</Filter>
    </ClInclude>
    <ClInclude Include="C:\Users\Jonathan  M.B\Desktop\assimp\code\AssetLib\LWO\LWOAnimation.h">
      <Filter>AssetLib\LWO</Filter>
    </ClInclude>
    <ClInclude Include="C:\Users\Jonathan  M.B\Desktop\assimp\code\AssetLib\LWO\LWOFileData.h">
      <Filter>AssetLib\LWO</Filter>
    </ClInclude>
    <ClInclude Include="C:\Users\Jonathan  M.B\Desktop\assimp\code\AssetLib\LWO\LWOLoader.h">
      <Filter>AssetLib\LWO</Filter>
    </ClInclude>
    <ClInclude Include="C:\Users\Jonathan  M.B\Desktop\assimp\code\AssetLib\LWS\LWSLoader.h">
      <Filter>AssetLib\LWS</Filter>
    </ClInclude>
    <ClInclude Include="C:\Users\Jonathan  M.B\Desktop\assimp\code\AssetLib\M3D\M3DMaterials.h">
      <Filter>AssetLib\M3D</Filter>
    </ClInclude>
    <ClInclude Include="C:\Users\Jonathan  M.B\Desktop\assimp\code\AssetLib\M3D\M3DImporter.h">
      <Filter>AssetLib\M3D</Filter>
    </ClInclude>
    <ClInclude Include="C:\Users\Jonathan  M.B\Desktop\assimp\code\AssetLib\M3D\M3DWrapper.h">
      <Filter>AssetLib\M3D</Filter>
    </ClInclude>
    <ClInclude Include="C:\Users\Jonathan  M.B\Desktop\assimp\code\AssetLib\M3D\m3d.h">
      <Filter>AssetLib\M3D</Filter>
    </ClInclude>
    <ClInclude Include="C:\Users\Jonathan  M.B\Desktop\assimp\code\AssetLib\MD2\MD2FileData.h">
      <Filter>AssetLib\MD2</Filter>
    </ClInclude>
    <ClInclude Include="C:\Users\Jonathan  M.B\Desktop\assimp\code\AssetLib\MD2\MD2Loader.h">
      <Filter>AssetLib\MD2</Filter>
    </ClInclude>
    <ClInclude Include="C:\Users\Jonathan  M.B\Desktop\assimp\code\AssetLib\MD2\MD2NormalTable.h">
      <Filter>AssetLib\MD2</Filter>
    </ClInclude>
    <ClInclude Include="C:\Users\Jonathan  M.B\Desktop\assimp\code\AssetLib\MD3\MD3FileData.h">
      <Filter>AssetLib\MD3</Filter>
    </ClInclude>
    <ClInclude Include="C:\Users\Jonathan  M.B\Desktop\assimp\code\AssetLib\MD3\MD3Loader.h">
      <Filter>AssetLib\MD3</Filter>
    </ClInclude>
    <ClInclude Include="C:\Users\Jonathan  M.B\Desktop\assimp\code\AssetLib\MD5\MD5Loader.h">
      <Filter>AssetLib\MD5</Filter>
    </ClInclude>
    <ClInclude Include="C:\Users\Jonathan  M.B\Desktop\assimp\code\AssetLib\MD5\MD5Parser.h">
      <Filter>AssetLib\MD5</Filter>
    </ClInclude>
    <ClInclude Include="C:\Users\Jonathan  M.B\Desktop\assimp\code\AssetLib\MDC\MDCFileData.h">
      <Filter>AssetLib\MDC</Filter>
    </ClInclude>
    <ClInclude Include="C:\Users\Jonathan  M.B\Desktop\assimp\code\AssetLib\MDC\MDCLoader.h">
      <Filter>AssetLib\MDC</Filter>
    </ClInclude>
    <ClInclude Include="C:\Users\Jonathan  M.B\Desktop\assimp\code\AssetLib\MDC\MDCNormalTable.h">
      <Filter>AssetLib\MDC</Filter>
    </ClInclude>
    <ClInclude Include="C:\Users\Jonathan  M.B\Desktop\assimp\code\AssetLib\MDL\MDLDefaultColorMap.h">
      <Filter>AssetLib\MDL</Filter>
    </ClInclude>
    <ClInclude Include="C:\Users\Jonathan  M.B\Desktop\assimp\code\AssetLib\MDL\MDLFileData.h">
      <Filter>AssetLib\MDL</Filter>
    </ClInclude>
    <ClInclude Include="C:\Users\Jonathan  M.B\Desktop\assimp\code\AssetLib\MDL\MDLLoader.h">
      <Filter>AssetLib\MDL</Filter>
    </ClInclude>
    <ClInclude Include="C:\Users\Jonathan  M.B\Desktop\assimp\code\AssetLib\MDL\HalfLife\HalfLifeMDLBaseHeader.h">
      <Filter>AssetLib\MDL</Filter>
    </ClInclude>
    <ClInclude Include="C:\Users\Jonathan  M.B\Desktop\assimp\code\AssetLib\MDL\HalfLife\HL1FileData.h">
      <Filter>AssetLib\MDL</Filter>
    </ClInclude>
    <ClInclude Include="C:\Users\Jonathan  M.B\Desktop\assimp\code\AssetLib\MDL\HalfLife\HL1MDLLoader.h">
      <Filter>AssetLib\MDL</Filter>
    </ClInclude>
    <ClInclude Include="C:\Users\Jonathan  M.B\Desktop\assimp\code\AssetLib\MDL\HalfLife\HL1ImportDefinitions.h">
      <Filter>AssetLib\MDL</Filter>
    </ClInclude>
    <ClInclude Include="C:\Users\Jonathan  M.B\Desktop\assimp\code\AssetLib\MDL\HalfLife\HL1ImportSettings.h">
      <Filter>AssetLib\MDL</Filter>
    </ClInclude>
    <ClInclude Include="C:\Users\Jonathan  M.B\Desktop\assimp\code\AssetLib\MDL\HalfLife\HL1MeshTrivert.h">
      <Filter>AssetLib\MDL</Filter>
    </ClInclude>
    <ClInclude Include="C:\Users\Jonathan  M.B\Desktop\assimp\code\AssetLib\MDL\HalfLife\LogFunctions.h">
      <Filter>AssetLib\MDL</Filter>
    </ClInclude>
    <ClInclude Include="C:\Users\Jonathan  M.B\Desktop\assimp\code\AssetLib\MDL\HalfLife\UniqueNameGenerator.h">
      <Filter>AssetLib\MDL</Filter>
    </ClInclude>
    <ClInclude Include="C:\Users\Jonathan  M.B\Desktop\assimp\code\AssetLib\NFF\NFFLoader.h">
      <Filter>AssetLib\NFF</Filter>
    </ClInclude>
    <ClInclude Include="C:\Users\Jonathan  M.B\Desktop\assimp\code\AssetLib\NDO\NDOLoader.h">
      <Filter>AssetLib\NDO</Filter>
    </ClInclude>
    <ClInclude Include="C:\Users\Jonathan  M.B\Desktop\assimp\code\AssetLib\OFF\OFFLoader.h">
      <Filter>AssetLib\OFF</Filter>
    </ClInclude>
    <ClInclude Include="C:\Users\Jonathan  M.B\Desktop\assimp\code\AssetLib\Obj\ObjFileData.h">
      <Filter>AssetLib\OBJ</Filter>
    </ClInclude>
    <ClInclude Include="C:\Users\Jonathan  M.B\Desktop\assimp\code\AssetLib\Obj\ObjFileImporter.h">
      <Filter>AssetLib\OBJ</Filter>
    </ClInclude>
    <ClInclude Include="C:\Users\Jonathan  M.B\Desktop\assimp\code\AssetLib\Obj\ObjFileMtlImporter.h">
      <Filter>AssetLib\OBJ</Filter>
    </ClInclude>
    <ClInclude Include="C:\Users\Jonathan  M.B\Desktop\assimp\code\AssetLib\Obj\ObjFileParser.h">
      <Filter>AssetLib\OBJ</Filter>
    </ClInclude>
    <ClInclude Include="C:\Users\Jonathan  M.B\Desktop\assimp\code\AssetLib\Obj\ObjTools.h">
      <Filter>AssetLib\OBJ</Filter>
    </ClInclude>
    <ClInclude Include="C:\Users\Jonathan  M.B\Desktop\assimp\code\AssetLib\Ogre\OgreImporter.h">
      <Filter>AssetLib\OGRE</Filter>
    </ClInclude>
    <ClInclude Include="C:\Users\Jonathan  M.B\Desktop\assimp\code\AssetLib\Ogre\OgreStructs.h">
      <Filter>AssetLib\OGRE</Filter>
    </ClInclude>
    <ClInclude Include="C:\Users\Jonathan  M.B\Desktop\assimp\code\AssetLib\Ogre\OgreParsingUtils.h">
      <Filter>AssetLib\OGRE</Filter>
    </ClInclude>
    <ClInclude Include="C:\Users\Jonathan  M.B\Desktop\assimp\code\AssetLib\Ogre\OgreBinarySerializer.h">
      <Filter>AssetLib\OGRE</Filter>
    </ClInclude>
    <ClInclude Include="C:\Users\Jonathan  M.B\Desktop\assimp\code\AssetLib\Ogre\OgreXmlSerializer.h">
      <Filter>AssetLib\OGRE</Filter>
    </ClInclude>
    <ClInclude Include="C:\Users\Jonathan  M.B\Desktop\assimp\code\AssetLib\OpenGEX\OpenGEXImporter.h">
      <Filter>AssetLib\OPENGEX</Filter>
    </ClInclude>
    <ClInclude Include="C:\Users\Jonathan  M.B\Desktop\assimp\code\AssetLib\OpenGEX\OpenGEXStructs.h">
      <Filter>AssetLib\OPENGEX</Filter>
    </ClInclude>
    <ClInclude Include="C:\Users\Jonathan  M.B\Desktop\assimp\code\AssetLib\Ply\PlyLoader.h">
      <Filter>AssetLib\PLY</Filter>
    </ClInclude>
    <ClInclude Include="C:\Users\Jonathan  M.B\Desktop\assimp\code\AssetLib\Ply\PlyParser.h">
      <Filter>AssetLib\PLY</Filter>
    </ClInclude>
    <ClInclude Include="C:\Users\Jonathan  M.B\Desktop\assimp\code\AssetLib\MS3D\MS3DLoader.h">
      <Filter>AssetLib\MS3D</Filter>
    </ClInclude>
    <ClInclude Include="C:\Users\Jonathan  M.B\Desktop\assimp\code\AssetLib\COB\COBLoader.h">
      <Filter>AssetLib\COB</Filter>
    </ClInclude>
    <ClInclude Include="C:\Users\Jonathan  M.B\Desktop\assimp\code\AssetLib\COB\COBScene.h">
      <Filter>AssetLib\COB</Filter>
    </ClInclude>
    <ClInclude Include="C:\Users\Jonathan  M.B\Desktop\assimp\code\AssetLib\Blender\BlenderLoader.h">
      <Filter>AssetLib\BLEND</Filter>
    </ClInclude>
    <ClInclude Include="C:\Users\Jonathan  M.B\Desktop\assimp\code\AssetLib\Blender\BlenderDNA.h">
      <Filter>AssetLib\BLEND</Filter>
    </ClInclude>
    <ClInclude Include="C:\Users\Jonathan  M.B\Desktop\assimp\code\AssetLib\Blender\BlenderDNA.inl">
      <Filter>AssetLib\BLEND</Filter>
    </ClInclude>
    <ClInclude Include="C:\Users\Jonathan  M.B\Desktop\assimp\code\AssetLib\Blender\BlenderScene.h">
      <Filter>AssetLib\BLEND</Filter>
    </ClInclude>
    <ClInclude Include="C:\Users\Jonathan  M.B\Desktop\assimp\code\AssetLib\Blender\BlenderSceneGen.h">
      <Filter>AssetLib\BLEND</Filter>
    </ClInclude>
    <ClInclude Include="C:\Users\Jonathan  M.B\Desktop\assimp\code\AssetLib\Blender\BlenderIntermediate.h">
      <Filter>AssetLib\BLEND</Filter>
    </ClInclude>
    <ClInclude Include="C:\Users\Jonathan  M.B\Desktop\assimp\code\AssetLib\Blender\BlenderModifier.h">
      <Filter>AssetLib\BLEND</Filter>
    </ClInclude>
    <ClInclude Include="C:\Users\Jonathan  M.B\Desktop\assimp\code\AssetLib\Blender\BlenderBMesh.h">
      <Filter>AssetLib\BLEND</Filter>
    </ClInclude>
    <ClInclude Include="C:\Users\Jonathan  M.B\Desktop\assimp\code\AssetLib\Blender\BlenderTessellator.h">
      <Filter>AssetLib\BLEND</Filter>
    </ClInclude>
    <ClInclude Include="C:\Users\Jonathan  M.B\Desktop\assimp\code\AssetLib\Blender\BlenderCustomData.h">
      <Filter>AssetLib\BLEND</Filter>
    </ClInclude>
    <ClInclude Include="C:\Users\Jonathan  M.B\Desktop\assimp\code\AssetLib\IFC\IFCLoader.h">
      <Filter>AssetLib\IFC</Filter>
    </ClInclude>
    <ClInclude Include="C:\Users\Jonathan  M.B\Desktop\assimp\code\AssetLib\IFC\IFCReaderGen_2x3.h">
      <Filter>AssetLib\IFC</Filter>
    </ClInclude>
    <ClInclude Include="C:\Users\Jonathan  M.B\Desktop\assimp\code\AssetLib\IFC\IFCUtil.h">
      <Filter>AssetLib\IFC</Filter>
    </ClInclude>
    <ClInclude Include="C:\Users\Jonathan  M.B\Desktop\assimp\code\AssetLib\XGL\XGLLoader.h">
      <Filter>AssetLib\XGL</Filter>
    </ClInclude>
    <ClInclude Include="C:\Users\Jonathan  M.B\Desktop\assimp\code\AssetLib\FBX\FBXCompileConfig.h">
      <Filter>AssetLib\FBX</Filter>
    </ClInclude>
    <ClInclude Include="C:\Users\Jonathan  M.B\Desktop\assimp\code\AssetLib\FBX\FBXImporter.h">
      <Filter>AssetLib\FBX</Filter>
    </ClInclude>
    <ClInclude Include="C:\Users\Jonathan  M.B\Desktop\assimp\code\AssetLib\FBX\FBXParser.h">
      <Filter>AssetLib\FBX</Filter>
    </ClInclude>
    <ClInclude Include="C:\Users\Jonathan  M.B\Desktop\assimp\code\AssetLib\FBX\FBXTokenizer.h">
      <Filter>AssetLib\FBX</Filter>
    </ClInclude>
    <ClInclude Include="C:\Users\Jonathan  M.B\Desktop\assimp\code\AssetLib\FBX\FBXImportSettings.h">
      <Filter>AssetLib\FBX</Filter>
    </ClInclude>
    <ClInclude Include="C:\Users\Jonathan  M.B\Desktop\assimp\code\AssetLib\FBX\FBXConverter.h">
      <Filter>AssetLib\FBX</Filter>
    </ClInclude>
    <ClInclude Include="C:\Users\Jonathan  M.B\Desktop\assimp\code\AssetLib\FBX\FBXUtil.h">
      <Filter>AssetLib\FBX</Filter>
    </ClInclude>
    <ClInclude Include="C:\Users\Jonathan  M.B\Desktop\assimp\code\AssetLib\FBX\FBXDocument.h">
      <Filter>AssetLib\FBX</Filter>
    </ClInclude>
    <ClInclude Include="C:\Users\Jonathan  M.B\Desktop\assimp\code\AssetLib\FBX\FBXProperties.h">
      <Filter>AssetLib\FBX</Filter>
    </ClInclude>
    <ClInclude Include="C:\Users\Jonathan  M.B\Desktop\assimp\code\AssetLib\FBX\FBXMeshGeometry.h">
      <Filter>AssetLib\FBX</Filter>
    </ClInclude>
    <ClInclude Include="C:\Users\Jonathan  M.B\Desktop\assimp\code\AssetLib\FBX\FBXCommon.h">
      <Filter>AssetLib\FBX</Filter>
    </ClInclude>
    <ClInclude Include="C:\Users\Jonathan  M.B\Desktop\assimp\code\AssetLib\Q3D\Q3DLoader.h">
      <Filter>AssetLib\Q3D</Filter>
    </ClInclude>
    <ClInclude Include="C:\Users\Jonathan  M.B\Desktop\assimp\code\AssetLib\Q3BSP\Q3BSPFileData.h">
      <Filter>AssetLib\Q3BSP</Filter>
    </ClInclude>
    <ClInclude Include="C:\Users\Jonathan  M.B\Desktop\assimp\code\AssetLib\Q3BSP\Q3BSPFileParser.h">
      <Filter>AssetLib\Q3BSP</Filter>
    </ClInclude>
    <ClInclude Include="C:\Users\Jonathan  M.B\Desktop\assimp\code\AssetLib\Q3BSP\Q3BSPFileImporter.h">
      <Filter>AssetLib\Q3BSP</Filter>
    </ClInclude>
    <ClInclude Include="C:\Users\Jonathan  M.B\Desktop\assimp\code\AssetLib\Raw\RawLoader.h">
      <Filter>AssetLib\RAW</Filter>
    </ClInclude>
    <ClInclude Include="C:\Users\Jonathan  M.B\Desktop\assimp\code\AssetLib\SIB\SIBImporter.h">
      <Filter>AssetLib\SIB</Filter>
    </ClInclude>
    <ClInclude Include="C:\Users\Jonathan  M.B\Desktop\assimp\code\AssetLib\SMD\SMDLoader.h">
      <Filter>AssetLib\SMD</Filter>
    </ClInclude>
    <ClInclude Include="C:\Users\Jonathan  M.B\Desktop\assimp\code\AssetLib\STL\STLLoader.h">
      <Filter>AssetLib\STL</Filter>
    </ClInclude>
    <ClInclude Include="C:\Users\Jonathan  M.B\Desktop\assimp\code\AssetLib\Terragen\TerragenLoader.h">
      <Filter>AssetLib\TERRAGEN</Filter>
    </ClInclude>
    <ClInclude Include="C:\Users\Jonathan  M.B\Desktop\assimp\code\AssetLib\Unreal\UnrealLoader.h">
      <Filter>AssetLib\3D</Filter>
    </ClInclude>
    <ClInclude Include="C:\Users\Jonathan  M.B\Desktop\assimp\code\AssetLib\X\XFileHelper.h">
      <Filter>AssetLib\X</Filter>
    </ClInclude>
    <ClInclude Include="C:\Users\Jonathan  M.B\Desktop\assimp\code\AssetLib\X\XFileImporter.h">
      <Filter>AssetLib\X</Filter>
    </ClInclude>
    <ClInclude Include="C:\Users\Jonathan  M.B\Desktop\assimp\code\AssetLib\X\XFileParser.h">
      <Filter>AssetLib\X</Filter>
    </ClInclude>
    <ClInclude Include="C:\Users\Jonathan  M.B\Desktop\assimp\code\AssetLib\X3D\X3DImporter.hpp">
      <Filter>AssetLib\X3D</Filter>
    </ClInclude>
    <ClInclude Include="C:\Users\Jonathan  M.B\Desktop\assimp\code\AssetLib\X3D\X3DImporter_Macro.hpp">
      <Filter>AssetLib\X3D</Filter>
    </ClInclude>
    <ClInclude Include="C:\Users\Jonathan  M.B\Desktop\assimp\code\AssetLib\X3D\X3DImporter_Node.hpp">
      <Filter>AssetLib\X3D</Filter>
    </ClInclude>
    <ClInclude Include="C:\Users\Jonathan  M.B\Desktop\assimp\code\AssetLib\X3D\X3DGeoHelper.h">
      <Filter>AssetLib\X3D</Filter>
    </ClInclude>
    <ClInclude Include="C:\Users\Jonathan  M.B\Desktop\assimp\code\AssetLib\X3D\X3DXmlHelper.h">
      <Filter>AssetLib\X3D</Filter>
    </ClInclude>
    <ClInclude Include="C:\Users\Jonathan  M.B\Desktop\assimp\code\AssetLib\glTF\glTFCommon.h">
      <Filter>AssetLib\GLTF</Filter>
    </ClInclude>
    <ClInclude Include="C:\Users\Jonathan  M.B\Desktop\assimp\code\AssetLib\glTF\glTFAsset.h">
      <Filter>AssetLib\GLTF</Filter>
    </ClInclude>
    <ClInclude Include="C:\Users\Jonathan  M.B\Desktop\assimp\code\AssetLib\glTF\glTFAsset.inl">
      <Filter>AssetLib\GLTF</Filter>
    </ClInclude>
    <ClInclude Include="C:\Users\Jonathan  M.B\Desktop\assimp\code\AssetLib\glTF\glTFAssetWriter.h">
      <Filter>AssetLib\GLTF</Filter>
    </ClInclude>
    <ClInclude Include="C:\Users\Jonathan  M.B\Desktop\assimp\code\AssetLib\glTF\glTFAssetWriter.inl">
      <Filter>AssetLib\GLTF</Filter>
    </ClInclude>
    <ClInclude Include="C:\Users\Jonathan  M.B\Desktop\assimp\code\AssetLib\glTF\glTFImporter.h">
      <Filter>AssetLib\GLTF</Filter>
    </ClInclude>
    <ClInclude Include="C:\Users\Jonathan  M.B\Desktop\assimp\code\AssetLib\glTF2\glTF2Asset.h">
      <Filter>AssetLib\GLTF</Filter>
    </ClInclude>
    <ClInclude Include="C:\Users\Jonathan  M.B\Desktop\assimp\code\AssetLib\glTF2\glTF2Asset.inl">
      <Filter>AssetLib\GLTF</Filter>
    </ClInclude>
    <ClInclude Include="C:\Users\Jonathan  M.B\Desktop\assimp\code\AssetLib\glTF2\glTF2AssetWriter.h">
      <Filter>AssetLib\GLTF</Filter>
    </ClInclude>
    <ClInclude Include="C:\Users\Jonathan  M.B\Desktop\assimp\code\AssetLib\glTF2\glTF2AssetWriter.inl">
      <Filter>AssetLib\GLTF</Filter>
    </ClInclude>
    <ClInclude Include="C:\Users\Jonathan  M.B\Desktop\assimp\code\AssetLib\glTF2\glTF2Importer.h">
      <Filter>AssetLib\GLTF</Filter>
    </ClInclude>
    <ClInclude Include="C:\Users\Jonathan  M.B\Desktop\assimp\code\AssetLib\3MF\3MFTypes.h">
      <Filter>AssetLib\3MF</Filter>
    </ClInclude>
    <ClInclude Include="C:\Users\Jonathan  M.B\Desktop\assimp\code\AssetLib\3MF\XmlSerializer.h">
      <Filter>AssetLib\3MF</Filter>
    </ClInclude>
    <ClInclude Include="C:\Users\Jonathan  M.B\Desktop\assimp\code\AssetLib\3MF\D3MFImporter.h">
      <Filter>AssetLib\3MF</Filter>
    </ClInclude>
    <ClInclude Include="C:\Users\Jonathan  M.B\Desktop\assimp\code\AssetLib\3MF\D3MFOpcPackage.h">
      <Filter>AssetLib\3MF</Filter>
    </ClInclude>
    <ClInclude Include="C:\Users\Jonathan  M.B\Desktop\assimp\code\AssetLib\3MF\3MFXmlTags.h">
      <Filter>AssetLib\3MF</Filter>
    </ClInclude>
    <ClInclude Include="C:\Users\Jonathan  M.B\Desktop\assimp\code\AssetLib\MMD\MMDCpp14.h">
      <Filter>AssetLib\MMD</Filter>
    </ClInclude>
    <ClInclude Include="C:\Users\Jonathan  M.B\Desktop\assimp\code\AssetLib\MMD\MMDImporter.h">
      <Filter>AssetLib\MMD</Filter>
    </ClInclude>
    <ClInclude Include="C:\Users\Jonathan  M.B\Desktop\assimp\code\AssetLib\MMD\MMDPmdParser.h">
      <Filter>AssetLib\MMD</Filter>
    </ClInclude>
    <ClInclude Include="C:\Users\Jonathan  M.B\Desktop\assimp\code\AssetLib\MMD\MMDPmxParser.h">
      <Filter>AssetLib\MMD</Filter>
    </ClInclude>
    <ClInclude Include="C:\Users\Jonathan  M.B\Desktop\assimp\code\AssetLib\MMD\MMDVmdParser.h">
      <Filter>AssetLib\MMD</Filter>
    </ClInclude>
    <ClInclude Include="C:\Users\Jonathan  M.B\Desktop\assimp\code\AssetLib\Obj\ObjExporter.h">
      <Filter>AssetLib\OBJ</Filter>
    </ClInclude>
    <ClInclude Include="C:\Users\Jonathan  M.B\Desktop\assimp\code\AssetLib\OpenGEX\OpenGEXExporter.h">
      <Filter>AssetLib\OPENGEX</Filter>
    </ClInclude>
    <ClInclude Include="C:\Users\Jonathan  M.B\Desktop\assimp\code\AssetLib\Ply\PlyExporter.h">
      <Filter>AssetLib\PLY</Filter>
    </ClInclude>
    <ClInclude Include="C:\Users\Jonathan  M.B\Desktop\assimp\code\AssetLib\3DS\3DSExporter.h">
      <Filter>AssetLib\3DS</Filter>
    </ClInclude>
    <ClInclude Include="C:\Users\Jonathan  M.B\Desktop\assimp\code\AssetLib\Assbin\AssbinExporter.h">
      <Filter>AssetLib\ASSBIN</Filter>
    </ClInclude>
    <ClInclude Include="C:\Users\Jonathan  M.B\Desktop\assimp\code\AssetLib\Assbin\AssbinFileWriter.h">
      <Filter>AssetLib\ASSBIN</Filter>
    </ClInclude>
    <ClInclude Include="C:\Users\Jonathan  M.B\Desktop\assimp\code\AssetLib\Assxml\AssxmlExporter.h">
      <Filter>AssetLib\ASSXML</Filter>
    </ClInclude>
    <ClInclude Include="C:\Users\Jonathan  M.B\Desktop\assimp\code\AssetLib\Assxml\AssxmlFileWriter.h">
      <Filter>AssetLib\ASSXML</Filter>
    </ClInclude>
    <ClInclude Include="C:\Users\Jonathan  M.B\Desktop\assimp\code\AssetLib\M3D\M3DExporter.h">
      <Filter>AssetLib\M3D</Filter>
    </ClInclude>
    <ClInclude Include="C:\Users\Jonathan  M.B\Desktop\assimp\code\AssetLib\Collada\ColladaExporter.h">
      <Filter>AssetLib\COLLADA</Filter>
    </ClInclude>
    <ClInclude Include="C:\Users\Jonathan  M.B\Desktop\assimp\code\AssetLib\FBX\FBXExporter.h">
      <Filter>AssetLib\FBX</Filter>
    </ClInclude>
    <ClInclude Include="C:\Users\Jonathan  M.B\Desktop\assimp\code\AssetLib\FBX\FBXExportNode.h">
      <Filter>AssetLib\FBX</Filter>
    </ClInclude>
    <ClInclude Include="C:\Users\Jonathan  M.B\Desktop\assimp\code\AssetLib\FBX\FBXExportProperty.h">
      <Filter>AssetLib\FBX</Filter>
    </ClInclude>
    <ClInclude Include="C:\Users\Jonathan  M.B\Desktop\assimp\code\AssetLib\STL\STLExporter.h">
      <Filter>AssetLib\STL</Filter>
    </ClInclude>
    <ClInclude Include="C:\Users\Jonathan  M.B\Desktop\assimp\code\AssetLib\X\XFileExporter.h">
      <Filter>AssetLib\X</Filter>
    </ClInclude>
    <ClInclude Include="C:\Users\Jonathan  M.B\Desktop\assimp\code\AssetLib\X3D\X3DExporter.hpp">
      <Filter>AssetLib\X3D</Filter>
    </ClInclude>
    <ClInclude Include="C:\Users\Jonathan  M.B\Desktop\assimp\code\AssetLib\glTF\glTFExporter.h">
      <Filter>AssetLib\GLTF</Filter>
    </ClInclude>
    <ClInclude Include="C:\Users\Jonathan  M.B\Desktop\assimp\code\AssetLib\glTF2\glTF2Exporter.h">
      <Filter>AssetLib\GLTF</Filter>
    </ClInclude>
    <ClInclude Include="C:\Users\Jonathan  M.B\Desktop\assimp\code\AssetLib\3MF\D3MFExporter.h">
      <Filter>AssetLib\3MF</Filter>
    </ClInclude>
    <ClInclude Include="C:\Users\Jonathan  M.B\Desktop\assimp\code\Pbrt\PbrtExporter.h">
      <Filter>AssetLib\PBRT</Filter>
    </ClInclude>
    <ClInclude Include="C:\Users\Jonathan  M.B\Desktop\assimp\code\AssetLib\Assjson\cencode.h">
      <Filter>AssetLib\ASSJSON</Filter>
    </ClInclude>
    <ClInclude Include="C:\Users\Jonathan  M.B\Desktop\assimp\code\AssetLib\Assjson\mesh_splitter.h">
      <Filter>AssetLib\ASSJSON</Filter>
    </ClInclude>
    <ClInclude Include="C:\Users\Jonathan  M.B\Desktop\assimp\code\AssetLib\Step\StepExporter.h">
      <Filter>AssetLib\STEP</Filter>
    </ClInclude>
    <ClInclude Include="C:\Users\Jonathan  M.B\Desktop\assimp\contrib\unzip\crypt.h">
      <Filter>Contrib\unzip</Filter>
    </ClInclude>
    <ClInclude Include="C:\Users\Jonathan  M.B\Desktop\assimp\contrib\unzip\ioapi.h">
      <Filter>Contrib\unzip</Filter>
    </ClInclude>
    <ClInclude Include="C:\Users\Jonathan  M.B\Desktop\assimp\contrib\unzip\unzip.h">
      <Filter>Contrib\unzip</Filter>
    </ClInclude>
    <ClInclude Include="C:\Users\Jonathan  M.B\Desktop\assimp\contrib\poly2tri\poly2tri\common\shapes.h">
      <Filter>Contrib\Poly2Tri</Filter>
    </ClInclude>
    <ClInclude Include="C:\Users\Jonathan  M.B\Desktop\assimp\contrib\poly2tri\poly2tri\common\utils.h">
      <Filter>Contrib\Poly2Tri</Filter>
    </ClInclude>
    <ClInclude Include="C:\Users\Jonathan  M.B\Desktop\assimp\contrib\poly2tri\poly2tri\sweep\advancing_front.h">
      <Filter>Contrib\Poly2Tri</Filter>
    </ClInclude>
    <ClInclude Include="C:\Users\Jonathan  M.B\Desktop\assimp\contrib\poly2tri\poly2tri\sweep\cdt.h">
      <Filter>Contrib\Poly2Tri</Filter>
    </ClInclude>
    <ClInclude Include="C:\Users\Jonathan  M.B\Desktop\assimp\contrib\poly2tri\poly2tri\sweep\sweep.h">
      <Filter>Contrib\Poly2Tri</Filter>
    </ClInclude>
    <ClInclude Include="C:\Users\Jonathan  M.B\Desktop\assimp\contrib\poly2tri\poly2tri\sweep\sweep_context.h">
      <Filter>Contrib\Poly2Tri</Filter>
    </ClInclude>
    <ClInclude Include="C:\Users\Jonathan  M.B\Desktop\assimp\contrib\clipper\clipper.hpp">
      <Filter>Contrib\Clipper</Filter>
    </ClInclude>
    <ClInclude Include="C:\Users\Jonathan  M.B\Desktop\assimp\contrib\openddlparser\include\openddlparser\OpenDDLParser.h">
      <Filter>Contrib\openddl_parser</Filter>
    </ClInclude>
    <ClInclude Include="C:\Users\Jonathan  M.B\Desktop\assimp\contrib\openddlparser\include\openddlparser\OpenDDLParserUtils.h">
      <Filter>Contrib\openddl_parser</Filter>
    </ClInclude>
    <ClInclude Include="C:\Users\Jonathan  M.B\Desktop\assimp\contrib\openddlparser\include\openddlparser\OpenDDLCommon.h">
      <Filter>Contrib\openddl_parser</Filter>
    </ClInclude>
    <ClInclude Include="C:\Users\Jonathan  M.B\Desktop\assimp\contrib\openddlparser\include\openddlparser\OpenDDLExport.h">
      <Filter>Contrib\openddl_parser</Filter>
    </ClInclude>
    <ClInclude Include="C:\Users\Jonathan  M.B\Desktop\assimp\contrib\openddlparser\include\openddlparser\OpenDDLStream.h">
      <Filter>Contrib\openddl_parser</Filter>
    </ClInclude>
    <ClInclude Include="C:\Users\Jonathan  M.B\Desktop\assimp\contrib\openddlparser\include\openddlparser\DDLNode.h">
      <Filter>Contrib\openddl_parser</Filter>
    </ClInclude>
    <ClInclude Include="C:\Users\Jonathan  M.B\Desktop\assimp\contrib\openddlparser\include\openddlparser\Value.h">
      <Filter>Contrib\openddl_parser</Filter>
    </ClInclude>
    <ClInclude Include="C:\Users\Jonathan  M.B\Desktop\assimp\contrib\Open3DGC\o3dgcAdjacencyInfo.h">
      <Filter>Contrib\open3dgc</Filter>
    </ClInclude>
    <ClInclude Include="C:\Users\Jonathan  M.B\Desktop\assimp\contrib\Open3DGC\o3dgcArithmeticCodec.h">
      <Filter>Contrib\open3dgc</Filter>
    </ClInclude>
    <ClInclude Include="C:\Users\Jonathan  M.B\Desktop\assimp\contrib\Open3DGC\o3dgcBinaryStream.h">
      <Filter>Contrib\open3dgc</Filter>
    </ClInclude>
    <ClInclude Include="C:\Users\Jonathan  M.B\Desktop\assimp\contrib\Open3DGC\o3dgcCommon.h">
      <Filter>Contrib\open3dgc</Filter>
    </ClInclude>
    <ClInclude Include="C:\Users\Jonathan  M.B\Desktop\assimp\contrib\Open3DGC\o3dgcDVEncodeParams.h">
      <Filter>Contrib\open3dgc</Filter>
    </ClInclude>
    <ClInclude Include="C:\Users\Jonathan  M.B\Desktop\assimp\contrib\Open3DGC\o3dgcDynamicVectorDecoder.h">
      <Filter>Contrib\open3dgc</Filter>
    </ClInclude>
    <ClInclude Include="C:\Users\Jonathan  M.B\Desktop\assimp\contrib\Open3DGC\o3dgcDynamicVectorEncoder.h">
      <Filter>Contrib\open3dgc</Filter>
    </ClInclude>
    <ClInclude Include="C:\Users\Jonathan  M.B\Desktop\assimp\contrib\Open3DGC\o3dgcDynamicVector.h">
      <Filter>Contrib\open3dgc</Filter>
    </ClInclude>
    <ClInclude Include="C:\Users\Jonathan  M.B\Desktop\assimp\contrib\Open3DGC\o3dgcFIFO.h">
      <Filter>Contrib\open3dgc</Filter>
    </ClInclude>
    <ClInclude Include="C:\Users\Jonathan  M.B\Desktop\assimp\contrib\Open3DGC\o3dgcIndexedFaceSet.h">
      <Filter>Contrib\open3dgc</Filter>
    </ClInclude>
    <ClInclude Include="C:\Users\Jonathan  M.B\Desktop\assimp\contrib\Open3DGC\o3dgcIndexedFaceSet.inl">
      <Filter>Contrib\open3dgc</Filter>
    </ClInclude>
    <ClInclude Include="C:\Users\Jonathan  M.B\Desktop\assimp\contrib\Open3DGC\o3dgcSC3DMCDecoder.h">
      <Filter>Contrib\open3dgc</Filter>
    </ClInclude>
    <ClInclude Include="C:\Users\Jonathan  M.B\Desktop\assimp\contrib\Open3DGC\o3dgcSC3DMCDecoder.inl">
      <Filter>Contrib\open3dgc</Filter>
    </ClInclude>
    <ClInclude Include="C:\Users\Jonathan  M.B\Desktop\assimp\contrib\Open3DGC\o3dgcSC3DMCEncodeParams.h">
      <Filter>Contrib\open3dgc</Filter>
    </ClInclude>
    <ClInclude Include="C:\Users\Jonathan  M.B\Desktop\assimp\contrib\Open3DGC\o3dgcSC3DMCEncoder.h">
      <Filter>Contrib\open3dgc</Filter>
    </ClInclude>
    <ClInclude Include="C:\Users\Jonathan  M.B\Desktop\assimp\contrib\Open3DGC\o3dgcSC3DMCEncoder.inl">
      <Filter>Contrib\open3dgc</Filter>
    </ClInclude>
    <ClInclude Include="C:\Users\Jonathan  M.B\Desktop\assimp\contrib\Open3DGC\o3dgcTimer.h">
      <Filter>Contrib\open3dgc</Filter>
    </ClInclude>
    <ClInclude Include="C:\Users\Jonathan  M.B\Desktop\assimp\contrib\Open3DGC\o3dgcTriangleFans.h">
      <Filter>Contrib\open3dgc</Filter>
    </ClInclude>
    <ClInclude Include="C:\Users\Jonathan  M.B\Desktop\assimp\contrib\Open3DGC\o3dgcTriangleListDecoder.h">
      <Filter>Contrib\open3dgc</Filter>
    </ClInclude>
    <ClInclude Include="C:\Users\Jonathan  M.B\Desktop\assimp\contrib\Open3DGC\o3dgcTriangleListDecoder.inl">
      <Filter>Contrib\open3dgc</Filter>
    </ClInclude>
    <ClInclude Include="C:\Users\Jonathan  M.B\Desktop\assimp\contrib\Open3DGC\o3dgcTriangleListEncoder.h">
      <Filter>Contrib\open3dgc</Filter>
    </ClInclude>
    <ClInclude Include="C:\Users\Jonathan  M.B\Desktop\assimp\contrib\Open3DGC\o3dgcTriangleListEncoder.inl">
      <Filter>Contrib\open3dgc</Filter>
    </ClInclude>
    <ClInclude Include="C:\Users\Jonathan  M.B\Desktop\assimp\contrib\Open3DGC\o3dgcVector.h">
      <Filter>Contrib\open3dgc</Filter>
    </ClInclude>
    <ClInclude Include="C:\Users\Jonathan  M.B\Desktop\assimp\contrib\Open3DGC\o3dgcVector.inl">
      <Filter>Contrib\open3dgc</Filter>
    </ClInclude>
    <ClInclude Include="C:\Users\Jonathan  M.B\Desktop\assimp\contrib\zip\src\miniz.h">
      <Filter>ziplib</Filter>
    </ClInclude>
    <ClInclude Include="C:\Users\Jonathan  M.B\Desktop\assimp\contrib\zip\src\zip.h">
      <Filter>ziplib</Filter>
    </ClInclude>
    <ClInclude Include="C:\Users\Jonathan  M.B\Desktop\assimp\contrib\pugixml\src\pugiconfig.hpp">
      <Filter>Contrib\Pugixml</Filter>
    </ClInclude>
    <ClInclude Include="C:\Users\Jonathan  M.B\Desktop\assimp\contrib\pugixml\src\pugixml.hpp">
      <Filter>Contrib\Pugixml</Filter>
    </ClInclude>
    <ClInclude Include="C:\Users\Jonathan  M.B\Desktop\assimp\contrib\stb\stb_image.h">
      <Filter>Contrib\stb</Filter>
    </ClInclude>
    <ClInclude Include="C:\Users\Jonathan  M.B\Desktop\assimp\include\assimp\anim.h">
      <Filter>include\assimp</Filter>
    </ClInclude>
    <ClInclude Include="C:\Users\Jonathan  M.B\Desktop\assimp\include\assimp\aabb.h">
      <Filter>include\assimp</Filter>
    </ClInclude>
    <ClInclude Include="C:\Users\Jonathan  M.B\Desktop\assimp\include\assimp\ai_assert.h">
      <Filter>include\assimp</Filter>
    </ClInclude>
    <ClInclude Include="C:\Users\Jonathan  M.B\Desktop\assimp\include\assimp\camera.h">
      <Filter>include\assimp</Filter>
    </ClInclude>
    <ClInclude Include="C:\Users\Jonathan  M.B\Desktop\assimp\include\assimp\color4.h">
      <Filter>include\assimp</Filter>
    </ClInclude>
    <ClInclude Include="C:\Users\Jonathan  M.B\Desktop\assimp\include\assimp\color4.inl">
      <Filter>include\assimp</Filter>
    </ClInclude>
    <ClInclude Include="C:\Users\Jonathan  M.B\Desktop\assimp\include\assimp\config.h">
      <Filter>include\assimp</Filter>
    </ClInclude>
    <ClInclude Include="C:\Users\Jonathan  M.B\Desktop\assimp\include\assimp\ColladaMetaData.h">
      <Filter>include\assimp</Filter>
    </ClInclude>
    <ClInclude Include="C:\Users\Jonathan  M.B\Desktop\assimp\include\assimp\commonMetaData.h">
      <Filter>include\assimp</Filter>
    </ClInclude>
    <ClInclude Include="C:\Users\Jonathan  M.B\Desktop\assimp\include\assimp\defs.h">
      <Filter>include\assimp</Filter>
    </ClInclude>
    <ClInclude Include="C:\Users\Jonathan  M.B\Desktop\assimp\include\assimp\cfileio.h">
      <Filter>include\assimp</Filter>
    </ClInclude>
    <ClInclude Include="C:\Users\Jonathan  M.B\Desktop\assimp\include\assimp\light.h">
      <Filter>include\assimp</Filter>
    </ClInclude>
    <ClInclude Include="C:\Users\Jonathan  M.B\Desktop\assimp\include\assimp\material.h">
      <Filter>include\assimp</Filter>
    </ClInclude>
    <ClInclude Include="C:\Users\Jonathan  M.B\Desktop\assimp\include\assimp\material.inl">
      <Filter>include\assimp</Filter>
    </ClInclude>
    <ClInclude Include="C:\Users\Jonathan  M.B\Desktop\assimp\include\assimp\matrix3x3.h">
      <Filter>include\assimp</Filter>
    </ClInclude>
    <ClInclude Include="C:\Users\Jonathan  M.B\Desktop\assimp\include\assimp\matrix3x3.inl">
      <Filter>include\assimp</Filter>
    </ClInclude>
    <ClInclude Include="C:\Users\Jonathan  M.B\Desktop\assimp\include\assimp\matrix4x4.h">
      <Filter>include\assimp</Filter>
    </ClInclude>
    <ClInclude Include="C:\Users\Jonathan  M.B\Desktop\assimp\include\assimp\matrix4x4.inl">
      <Filter>include\assimp</Filter>
    </ClInclude>
    <ClInclude Include="C:\Users\Jonathan  M.B\Desktop\assimp\include\assimp\mesh.h">
      <Filter>include\assimp</Filter>
    </ClInclude>
    <ClInclude Include="C:\Users\Jonathan  M.B\Desktop\assimp\include\assimp\ObjMaterial.h">
      <Filter>include\assimp</Filter>
    </ClInclude>
    <ClInclude Include="C:\Users\Jonathan  M.B\Desktop\assimp\include\assimp\pbrmaterial.h">
      <Filter>include\assimp</Filter>
    </ClInclude>
    <ClInclude Include="C:\Users\Jonathan  M.B\Desktop\assimp\include\assimp\GltfMaterial.h">
      <Filter>include\assimp</Filter>
    </ClInclude>
    <ClInclude Include="C:\Users\Jonathan  M.B\Desktop\assimp\include\assimp\postprocess.h">
      <Filter>include\assimp</Filter>
    </ClInclude>
    <ClInclude Include="C:\Users\Jonathan  M.B\Desktop\assimp\include\assimp\quaternion.h">
      <Filter>include\assimp</Filter>
    </ClInclude>
    <ClInclude Include="C:\Users\Jonathan  M.B\Desktop\assimp\include\assimp\quaternion.inl">
      <Filter>include\assimp</Filter>
    </ClInclude>
    <ClInclude Include="C:\Users\Jonathan  M.B\Desktop\assimp\include\assimp\scene.h">
      <Filter>include\assimp</Filter>
    </ClInclude>
    <ClInclude Include="C:\Users\Jonathan  M.B\Desktop\assimp\include\assimp\metadata.h">
      <Filter>include\assimp</Filter>
    </ClInclude>
    <ClInclude Include="C:\Users\Jonathan  M.B\Desktop\assimp\include\assimp\texture.h">
      <Filter>include\assimp</Filter>
    </ClInclude>
    <ClInclude Include="C:\Users\Jonathan  M.B\Desktop\assimp\include\assimp\types.h">
      <Filter>include\assimp</Filter>
    </ClInclude>
    <ClInclude Include="C:\Users\Jonathan  M.B\Desktop\assimp\include\assimp\vector2.h">
      <Filter>include\assimp</Filter>
    </ClInclude>
    <ClInclude Include="C:\Users\Jonathan  M.B\Desktop\assimp\include\assimp\vector2.inl">
      <Filter>include\assimp</Filter>
    </ClInclude>
    <ClInclude Include="C:\Users\Jonathan  M.B\Desktop\assimp\include\assimp\vector3.h">
      <Filter>include\assimp</Filter>
    </ClInclude>
    <ClInclude Include="C:\Users\Jonathan  M.B\Desktop\assimp\include\assimp\vector3.inl">
      <Filter>include\assimp</Filter>
    </ClInclude>
    <ClInclude Include="C:\Users\Jonathan  M.B\Desktop\assimp\include\assimp\version.h">
      <Filter>include\assimp</Filter>
    </ClInclude>
    <ClInclude Include="C:\Users\Jonathan  M.B\Desktop\assimp\include\assimp\cimport.h">
      <Filter>include\assimp</Filter>
    </ClInclude>
    <ClInclude Include="C:\Users\Jonathan  M.B\Desktop\assimp\include\assimp\importerdesc.h">
      <Filter>include\assimp</Filter>
    </ClInclude>
    <ClInclude Include="C:\Users\Jonathan  M.B\Desktop\assimp\include\assimp\Importer.hpp">
      <Filter>include\assimp</Filter>
    </ClInclude>
    <ClInclude Include="C:\Users\Jonathan  M.B\Desktop\assimp\include\assimp\ProgressHandler.hpp">
      <Filter>include\assimp</Filter>
    </ClInclude>
    <ClInclude Include="C:\Users\Jonathan  M.B\Desktop\assimp\include\assimp\IOStream.hpp">
      <Filter>include\assimp</Filter>
    </ClInclude>
    <ClInclude Include="C:\Users\Jonathan  M.B\Desktop\assimp\include\assimp\IOSystem.hpp">
      <Filter>include\assimp</Filter>
    </ClInclude>
    <ClInclude Include="C:\Users\Jonathan  M.B\Desktop\assimp\include\assimp\cexport.h">
      <Filter>include\assimp</Filter>
    </ClInclude>
    <ClInclude Include="C:\Users\Jonathan  M.B\Desktop\assimp\include\assimp\Exporter.hpp">
      <Filter>include\assimp</Filter>
    </ClInclude>
    <ClInclude Include="C:\Users\Jonathan  M.B\Desktop\assimp\include\assimp\DefaultIOStream.h">
      <Filter>include\assimp</Filter>
    </ClInclude>
    <ClInclude Include="C:\Users\Jonathan  M.B\Desktop\assimp\include\assimp\DefaultIOSystem.h">
      <Filter>include\assimp</Filter>
    </ClInclude>
    <ClInclude Include="C:\Users\Jonathan  M.B\Desktop\assimp\include\assimp\ZipArchiveIOSystem.h">
      <Filter>include\assimp</Filter>
    </ClInclude>
    <ClInclude Include="C:\Users\Jonathan  M.B\Desktop\assimp\include\assimp\SceneCombiner.h">
      <Filter>include\assimp</Filter>
    </ClInclude>
    <ClInclude Include="C:\Users\Jonathan  M.B\Desktop\assimp\include\assimp\fast_atof.h">
      <Filter>include\assimp</Filter>
    </ClInclude>
    <ClInclude Include="C:\Users\Jonathan  M.B\Desktop\assimp\include\assimp\qnan.h">
      <Filter>include\assimp</Filter>
    </ClInclude>
    <ClInclude Include="C:\Users\Jonathan  M.B\Desktop\assimp\include\assimp\BaseImporter.h">
      <Filter>include\assimp</Filter>
    </ClInclude>
    <ClInclude Include="C:\Users\Jonathan  M.B\Desktop\assimp\include\assimp\Hash.h">
      <Filter>include\assimp</Filter>
    </ClInclude>
    <ClInclude Include="C:\Users\Jonathan  M.B\Desktop\assimp\include\assimp\MemoryIOWrapper.h">
      <Filter>include\assimp</Filter>
    </ClInclude>
    <ClInclude Include="C:\Users\Jonathan  M.B\Desktop\assimp\include\assimp\ParsingUtils.h">
      <Filter>include\assimp</Filter>
    </ClInclude>
    <ClInclude Include="C:\Users\Jonathan  M.B\Desktop\assimp\include\assimp\StreamReader.h">
      <Filter>include\assimp</Filter>
    </ClInclude>
    <ClInclude Include="C:\Users\Jonathan  M.B\Desktop\assimp\include\assimp\StreamWriter.h">
      <Filter>include\assimp</Filter>
    </ClInclude>
    <ClInclude Include="C:\Users\Jonathan  M.B\Desktop\assimp\include\assimp\StringComparison.h">
      <Filter>include\assimp</Filter>
    </ClInclude>
    <ClInclude Include="C:\Users\Jonathan  M.B\Desktop\assimp\include\assimp\StringUtils.h">
      <Filter>include\assimp</Filter>
    </ClInclude>
    <ClInclude Include="C:\Users\Jonathan  M.B\Desktop\assimp\include\assimp\SGSpatialSort.h">
      <Filter>include\assimp</Filter>
    </ClInclude>
    <ClInclude Include="C:\Users\Jonathan  M.B\Desktop\assimp\include\assimp\GenericProperty.h">
      <Filter>include\assimp</Filter>
    </ClInclude>
    <ClInclude Include="C:\Users\Jonathan  M.B\Desktop\assimp\include\assimp\SpatialSort.h">
      <Filter>include\assimp</Filter>
    </ClInclude>
    <ClInclude Include="C:\Users\Jonathan  M.B\Desktop\assimp\include\assimp\SkeletonMeshBuilder.h">
      <Filter>include\assimp</Filter>
    </ClInclude>
    <ClInclude Include="C:\Users\Jonathan  M.B\Desktop\assimp\include\assimp\SmallVector.h">
      <Filter>include\assimp</Filter>
    </ClInclude>
    <ClInclude Include="C:\Users\Jonathan  M.B\Desktop\assimp\include\assimp\SmoothingGroups.h">
      <Filter>include\assimp</Filter>
    </ClInclude>
    <ClInclude Include="C:\Users\Jonathan  M.B\Desktop\assimp\include\assimp\SmoothingGroups.inl">
      <Filter>include\assimp</Filter>
    </ClInclude>
    <ClInclude Include="C:\Users\Jonathan  M.B\Desktop\assimp\include\assimp\StandardShapes.h">
      <Filter>include\assimp</Filter>
    </ClInclude>
    <ClInclude Include="C:\Users\Jonathan  M.B\Desktop\assimp\include\assimp\RemoveComments.h">
      <Filter>include\assimp</Filter>
    </ClInclude>
    <ClInclude Include="C:\Users\Jonathan  M.B\Desktop\assimp\include\assimp\Subdivision.h">
      <Filter>include\assimp</Filter>
    </ClInclude>
    <ClInclude Include="C:\Users\Jonathan  M.B\Desktop\assimp\include\assimp\Vertex.h">
      <Filter>include\assimp</Filter>
    </ClInclude>
    <ClInclude Include="C:\Users\Jonathan  M.B\Desktop\assimp\include\assimp\LineSplitter.h">
      <Filter>include\assimp</Filter>
    </ClInclude>
    <ClInclude Include="C:\Users\Jonathan  M.B\Desktop\assimp\include\assimp\TinyFormatter.h">
      <Filter>include\assimp</Filter>
    </ClInclude>
    <ClInclude Include="C:\Users\Jonathan  M.B\Desktop\assimp\include\assimp\Profiler.h">
      <Filter>include\assimp</Filter>
    </ClInclude>
    <ClInclude Include="C:\Users\Jonathan  M.B\Desktop\assimp\include\assimp\LogAux.h">
      <Filter>include\assimp</Filter>
    </ClInclude>
    <ClInclude Include="C:\Users\Jonathan  M.B\Desktop\assimp\include\assimp\Bitmap.h">
      <Filter>include\assimp</Filter>
    </ClInclude>
    <ClInclude Include="C:\Users\Jonathan  M.B\Desktop\assimp\include\assimp\XMLTools.h">
      <Filter>include\assimp</Filter>
    </ClInclude>
    <ClInclude Include="C:\Users\Jonathan  M.B\Desktop\assimp\include\assimp\IOStreamBuffer.h">
      <Filter>include\assimp</Filter>
    </ClInclude>
    <ClInclude Include="C:\Users\Jonathan  M.B\Desktop\assimp\include\assimp\CreateAnimMesh.h">
      <Filter>include\assimp</Filter>
    </ClInclude>
    <ClInclude Include="C:\Users\Jonathan  M.B\Desktop\assimp\include\assimp\XmlParser.h">
      <Filter>include\assimp</Filter>
    </ClInclude>
    <ClInclude Include="C:\Users\Jonathan  M.B\Desktop\assimp\include\assimp\MathFunctions.h">
      <Filter>include\assimp</Filter>
    </ClInclude>
    <ClInclude Include="C:\Users\Jonathan  M.B\Desktop\assimp\include\assimp\Exceptional.h">
      <Filter>include\assimp</Filter>
    </ClInclude>
    <ClInclude Include="C:\Users\Jonathan  M.B\Desktop\assimp\include\assimp\ByteSwapper.h">
      <Filter>include\assimp</Filter>
    </ClInclude>
    <ClInclude Include="C:\Users\Jonathan  M.B\Desktop\assimp\include\assimp\Base64.hpp">
      <Filter>include\assimp</Filter>
    </ClInclude>
    <ClInclude Include="C:\Users\Jonathan  M.B\Desktop\assimp\include\assimp\Compiler\pushpack1.h">
      <Filter>Compiler</Filter>
    </ClInclude>
    <ClInclude Include="C:\Users\Jonathan  M.B\Desktop\assimp\include\assimp\Compiler\poppack1.h">
      <Filter>Compiler</Filter>
    </ClInclude>
    <ClInclude Include="C:\Users\Jonathan  M.B\Desktop\assimp\include\assimp\Compiler\pstdint.h">
      <Filter>Compiler</Filter>
    </ClInclude>
  </ItemGroup>
  <ItemGroup>
    <CustomBuild Include="C:\Users\Jonathan  M.B\Desktop\assimp\code\CMakeLists.txt" />
  </ItemGroup>
  <ItemGroup>
    <ResourceCompile Include="C:\Users\Jonathan  M.B\Desktop\assimp\code\res\assimp.rc">
      <Filter>Source Files</Filter>
    </ResourceCompile>
  </ItemGroup>
  <ItemGroup>
    <Filter Include="AssetLib">
      <UniqueIdentifier>{061D43B1-7899-30EC-8D70-C39925948C06}</UniqueIdentifier>
    </Filter>
    <Filter Include="AssetLib\3D">
      <UniqueIdentifier>{4CBE9FCA-F50F-3E06-80D2-7D4F33064CCB}</UniqueIdentifier>
    </Filter>
    <Filter Include="AssetLib\3DS">
      <UniqueIdentifier>{8EFBD891-F79F-38C9-865B-4C67284DD4A8}</UniqueIdentifier>
    </Filter>
    <Filter Include="AssetLib\3MF">
      <UniqueIdentifier>{9E0F2217-06B0-338C-BB0F-E8E76BC37955}</UniqueIdentifier>
    </Filter>
    <Filter Include="AssetLib\AC">
      <UniqueIdentifier>{63B812AA-137D-31CD-AD16-51458FE82FB9}</UniqueIdentifier>
    </Filter>
    <Filter Include="AssetLib\AMF">
      <UniqueIdentifier>{D24F375D-57BC-347C-B11E-9F4DD3F1B78C}</UniqueIdentifier>
    </Filter>
    <Filter Include="AssetLib\ASE">
      <UniqueIdentifier>{F628AE48-EA29-3D78-AA29-3A8412D2AF92}</UniqueIdentifier>
    </Filter>
    <Filter Include="AssetLib\ASSBIN">
      <UniqueIdentifier>{5F9FBBB7-86D1-3053-B2D1-6DA257B0D7E0}</UniqueIdentifier>
    </Filter>
    <Filter Include="AssetLib\ASSJSON">
      <UniqueIdentifier>{107C3B05-B7E7-34E0-ABB7-8D23729FFB29}</UniqueIdentifier>
    </Filter>
    <Filter Include="AssetLib\ASSXML">
      <UniqueIdentifier>{3D4B8074-FABD-34C4-9F26-19054FAC4FB6}</UniqueIdentifier>
    </Filter>
    <Filter Include="AssetLib\B3D">
      <UniqueIdentifier>{DF5A04FC-2B45-3577-9500-C76E42C76743}</UniqueIdentifier>
    </Filter>
    <Filter Include="AssetLib\BLEND">
      <UniqueIdentifier>{F6210C5F-EF83-3CD8-97EF-2AE67C85A4A0}</UniqueIdentifier>
    </Filter>
    <Filter Include="AssetLib\BVH">
      <UniqueIdentifier>{6E2370A1-797B-3AC3-B7BF-1EBED056F40A}</UniqueIdentifier>
    </Filter>
    <Filter Include="AssetLib\COB">
      <UniqueIdentifier>{E74DBA57-6CAA-345D-94FA-C5FE64C2C448}</UniqueIdentifier>
    </Filter>
    <Filter Include="AssetLib\COLLADA">
      <UniqueIdentifier>{1B099DFC-A10A-3B38-9867-1321BD847C59}</UniqueIdentifier>
    </Filter>
    <Filter Include="AssetLib\CSM">
      <UniqueIdentifier>{1EA1F0EF-9116-31F1-90B6-EA4F55E9A17E}</UniqueIdentifier>
    </Filter>
    <Filter Include="AssetLib\DXF">
      <UniqueIdentifier>{7D109793-F480-3D84-8C7A-61F5E12824E8}</UniqueIdentifier>
    </Filter>
    <Filter Include="AssetLib\FBX">
      <UniqueIdentifier>{694E9994-026E-3C20-85CF-F2F6170B5B11}</UniqueIdentifier>
    </Filter>
    <Filter Include="AssetLib\GLTF">
      <UniqueIdentifier>{419B3051-260B-3E20-896E-527FA9E26CB4}</UniqueIdentifier>
    </Filter>
    <Filter Include="AssetLib\HMP">
      <UniqueIdentifier>{85144DCE-09FD-3A62-80A0-127E5ACF319A}</UniqueIdentifier>
    </Filter>
    <Filter Include="AssetLib\IFC">
      <UniqueIdentifier>{195E04C5-4E97-3339-B87A-D35987C74D82}</UniqueIdentifier>
    </Filter>
    <Filter Include="AssetLib\IQM">
      <UniqueIdentifier>{B805C15E-4982-39B2-8F44-A4836A57363E}</UniqueIdentifier>
    </Filter>
    <Filter Include="AssetLib\IRR">
      <UniqueIdentifier>{3F225CB4-631B-3B39-A0C7-964F16945638}</UniqueIdentifier>
    </Filter>
    <Filter Include="AssetLib\IRRMESH">
      <UniqueIdentifier>{59B4173C-D7F9-33B2-BAF2-9C34B13DBE1E}</UniqueIdentifier>
    </Filter>
    <Filter Include="AssetLib\LWO">
      <UniqueIdentifier>{D501861E-A52E-3AC9-8626-427821A9F3A6}</UniqueIdentifier>
    </Filter>
    <Filter Include="AssetLib\LWS">
      <UniqueIdentifier>{EAA59D3A-883D-30A8-942E-33036E7CEB65}</UniqueIdentifier>
    </Filter>
    <Filter Include="AssetLib\M3D">
      <UniqueIdentifier>{93361ECB-A7C4-3502-AB16-C3422585797D}</UniqueIdentifier>
    </Filter>
    <Filter Include="AssetLib\MD2">
      <UniqueIdentifier>{F2E5D763-F1FB-3C6C-9F09-E40FA6FB3C33}</UniqueIdentifier>
    </Filter>
    <Filter Include="AssetLib\MD3">
      <UniqueIdentifier>{B1773FF6-AD49-3B39-85C4-D1FC9C1D7BDE}</UniqueIdentifier>
    </Filter>
    <Filter Include="AssetLib\MD5">
      <UniqueIdentifier>{485AF9CA-B74C-3E0C-B1C5-8864F7A195D1}</UniqueIdentifier>
    </Filter>
    <Filter Include="AssetLib\MDC">
      <UniqueIdentifier>{4B902116-3387-399E-9434-50F928E4FB71}</UniqueIdentifier>
    </Filter>
    <Filter Include="AssetLib\MDL">
      <UniqueIdentifier>{48EF8FC7-651F-31F8-A5C8-653CD049B49D}</UniqueIdentifier>
    </Filter>
    <Filter Include="AssetLib\MMD">
      <UniqueIdentifier>{8CA105BF-D957-3A6A-8882-6D75C119C184}</UniqueIdentifier>
    </Filter>
    <Filter Include="AssetLib\MS3D">
      <UniqueIdentifier>{83910068-9509-3AC9-B71D-6721CAE5D665}</UniqueIdentifier>
    </Filter>
    <Filter Include="AssetLib\NDO">
      <UniqueIdentifier>{13C6677B-A625-3E04-838F-2B19BE9AB8F1}</UniqueIdentifier>
    </Filter>
    <Filter Include="AssetLib\NFF">
      <UniqueIdentifier>{03D43882-3C75-36EF-9F3F-291DADC801C2}</UniqueIdentifier>
    </Filter>
    <Filter Include="AssetLib\OBJ">
      <UniqueIdentifier>{BDD2B9C4-7271-3FF8-AF54-56953CE26632}</UniqueIdentifier>
    </Filter>
    <Filter Include="AssetLib\OFF">
      <UniqueIdentifier>{31E03289-E9EC-3830-AA79-3A10318C64D5}</UniqueIdentifier>
    </Filter>
    <Filter Include="AssetLib\OGRE">
      <UniqueIdentifier>{8B965FFC-CEB2-344A-B87E-59EDB38FFE01}</UniqueIdentifier>
    </Filter>
    <Filter Include="AssetLib\OPENGEX">
      <UniqueIdentifier>{277D649A-170B-3462-B398-8BB1F086B0C0}</UniqueIdentifier>
    </Filter>
    <Filter Include="AssetLib\PBRT">
      <UniqueIdentifier>{42DBB124-15E4-3327-B3E7-535129FFADD6}</UniqueIdentifier>
    </Filter>
    <Filter Include="AssetLib\PLY">
      <UniqueIdentifier>{BFB5B4B4-0067-38F7-8069-CFAAC13C8301}</UniqueIdentifier>
    </Filter>
    <Filter Include="AssetLib\Q3BSP">
      <UniqueIdentifier>{A43AE127-6C73-3047-A345-42E300F8BD4A}</UniqueIdentifier>
    </Filter>
    <Filter Include="AssetLib\Q3D">
      <UniqueIdentifier>{2E011408-EF76-38F1-8B11-EFB2218B6FBC}</UniqueIdentifier>
    </Filter>
    <Filter Include="AssetLib\RAW">
      <UniqueIdentifier>{AC64DED0-5DFB-3F7D-85E8-897DE665D4EE}</UniqueIdentifier>
    </Filter>
    <Filter Include="AssetLib\SIB">
      <UniqueIdentifier>{FA4AD3DF-B1C2-31FA-96C6-FC0B315E4DC9}</UniqueIdentifier>
    </Filter>
    <Filter Include="AssetLib\SMD">
      <UniqueIdentifier>{080DB260-FC42-3EBD-9007-190A9AD35497}</UniqueIdentifier>
    </Filter>
    <Filter Include="AssetLib\STEP">
      <UniqueIdentifier>{F70CFA32-1B1F-35A1-BCB0-D9E69CADBB62}</UniqueIdentifier>
    </Filter>
    <Filter Include="AssetLib\STL">
      <UniqueIdentifier>{C0A49051-2A7A-3707-8788-DEFFD96770D9}</UniqueIdentifier>
    </Filter>
    <Filter Include="AssetLib\TERRAGEN">
      <UniqueIdentifier>{08ED8BB6-ACF2-3C5D-B964-12C600755719}</UniqueIdentifier>
    </Filter>
    <Filter Include="AssetLib\X">
      <UniqueIdentifier>{D358A33A-857F-313D-8A9E-A41850A2C995}</UniqueIdentifier>
    </Filter>
    <Filter Include="AssetLib\X3D">
      <UniqueIdentifier>{2C336C30-139E-39F0-93DE-442DB3305D79}</UniqueIdentifier>
    </Filter>
    <Filter Include="AssetLib\XGL">
      <UniqueIdentifier>{7CE79442-EDE3-349B-B769-779606DFB885}</UniqueIdentifier>
    </Filter>
    <Filter Include="CApi">
      <UniqueIdentifier>{E7E106F4-DC03-3A58-AC2C-535AF262C109}</UniqueIdentifier>
    </Filter>
    <Filter Include="Common">
      <UniqueIdentifier>{7F882768-F38C-3CC8-952C-12512BAE8F14}</UniqueIdentifier>
    </Filter>
    <Filter Include="Compiler">
      <UniqueIdentifier>{118A55EC-92F6-3C9C-8409-593BBE813ED0}</UniqueIdentifier>
    </Filter>
    <Filter Include="Contrib">
      <UniqueIdentifier>{79DA6B53-76A3-3783-9491-A4EF34808CFA}</UniqueIdentifier>
    </Filter>
    <Filter Include="Contrib\Clipper">
      <UniqueIdentifier>{6EA42011-32A7-39F3-A8A3-B52E6A8C018D}</UniqueIdentifier>
    </Filter>
    <Filter Include="Contrib\Poly2Tri">
      <UniqueIdentifier>{AF825919-BA21-39BB-9D27-42B4A48B10A5}</UniqueIdentifier>
    </Filter>
    <Filter Include="Contrib\Pugixml">
      <UniqueIdentifier>{4E9AB63B-0A67-361B-B19A-98D718C18016}</UniqueIdentifier>
    </Filter>
    <Filter Include="Contrib\open3dgc">
      <UniqueIdentifier>{4FA3C640-CC90-3890-8349-F9ECE50F22D3}</UniqueIdentifier>
    </Filter>
    <Filter Include="Contrib\openddl_parser">
      <UniqueIdentifier>{02FF1FCE-CB77-39E1-8E26-7239BE29A8B5}</UniqueIdentifier>
    </Filter>
    <Filter Include="Contrib\stb">
      <UniqueIdentifier>{19D79C67-BFEA-3DB1-A6F5-6747D5422026}</UniqueIdentifier>
    </Filter>
    <Filter Include="Contrib\unzip">
      <UniqueIdentifier>{BBD45033-E448-39E7-B493-71F8F970C772}</UniqueIdentifier>
    </Filter>
    <Filter Include="Exporter">
      <UniqueIdentifier>{7EEAFC24-D38E-30AA-B076-5908F73676EE}</UniqueIdentifier>
    </Filter>
    <Filter Include="Logging">
      <UniqueIdentifier>{45292763-54E1-3AB6-821D-9AFF93D5A7D4}</UniqueIdentifier>
    </Filter>
    <Filter Include="MaterialSystem">
      <UniqueIdentifier>{5F017612-B56F-3FB2-A370-D68029362078}</UniqueIdentifier>
    </Filter>
    <Filter Include="PostProcessing">
      <UniqueIdentifier>{436D09CE-9C6F-36CA-AE15-D69827A01FAA}</UniqueIdentifier>
    </Filter>
    <Filter Include="STEPParser">
      <UniqueIdentifier>{6F59C1FC-483D-323A-82E4-D9764464A3C1}</UniqueIdentifier>
    </Filter>
    <Filter Include="Source Files">
      <UniqueIdentifier>{D2418189-BAD6-3CBE-9CD1-BE0F45F8406C}</UniqueIdentifier>
    </Filter>
    <Filter Include="include">
      <UniqueIdentifier>{871FD17C-081D-3F7E-95DA-463D5038DBF1}</UniqueIdentifier>
    </Filter>
    <Filter Include="include\assimp">
      <UniqueIdentifier>{D9FB8E74-3E01-3153-8EC3-B199540750A5}</UniqueIdentifier>
    </Filter>
    <Filter Include="ziplib">
      <UniqueIdentifier>{F3DEE338-C693-39D1-9C17-7B278ACB990B}</UniqueIdentifier>
    </Filter>
  </ItemGroup>
</Project>
